// !$*UTF8*$!
{
	archiveVersion = 1;
	classes = {
	};
	objectVersion = 46;
	objects = {

/* Begin PBXBuildFile section */
		7ABF93939D07A19DF172C790 /* libPods-RMBT.a in Frameworks */ = {isa = PBXBuildFile; fileRef = 74B5D1F96A5D607CBD1C4902 /* libPods-RMBT.a */; };
		C573F2A5175281D300C728FC /* MapKit.framework in Frameworks */ = {isa = PBXBuildFile; fileRef = C573F2A4175281D300C728FC /* MapKit.framework */; };
		C573F2B1175294A500C728FC /* CoreLocation.framework in Frameworks */ = {isa = PBXBuildFile; fileRef = C573F2B0175294A500C728FC /* CoreLocation.framework */; };
		C59D7B471764E6CF003E9702 /* RMBTHelpers.m in Sources */ = {isa = PBXBuildFile; fileRef = C59D7B461764E6CF003E9702 /* RMBTHelpers.m */; };
		C5DEB476176364B100187C94 /* AVFoundation.framework in Frameworks */ = {isa = PBXBuildFile; fileRef = C5DEB475176364B100187C94 /* AVFoundation.framework */; };
		C5DEB478176364BC00187C94 /* CoreData.framework in Frameworks */ = {isa = PBXBuildFile; fileRef = C5DEB477176364BC00187C94 /* CoreData.framework */; };
		C5DEB47A176364C300187C94 /* CoreText.framework in Frameworks */ = {isa = PBXBuildFile; fileRef = C5DEB479176364C300187C94 /* CoreText.framework */; };
		C5DEB47C176364C900187C94 /* GLKit.framework in Frameworks */ = {isa = PBXBuildFile; fileRef = C5DEB47B176364C900187C94 /* GLKit.framework */; };
		C5DEB47E176364CE00187C94 /* ImageIO.framework in Frameworks */ = {isa = PBXBuildFile; fileRef = C5DEB47D176364CE00187C94 /* ImageIO.framework */; };
		C5DEB480176364D500187C94 /* libc++.dylib in Frameworks */ = {isa = PBXBuildFile; fileRef = C5DEB47F176364D500187C94 /* libc++.dylib */; };
		C5DEB482176364D900187C94 /* libicucore.dylib in Frameworks */ = {isa = PBXBuildFile; fileRef = C5DEB481176364D900187C94 /* libicucore.dylib */; };
		C5DEB484176364DF00187C94 /* libz.dylib in Frameworks */ = {isa = PBXBuildFile; fileRef = C5DEB483176364DF00187C94 /* libz.dylib */; };
		C5DEB486176364E400187C94 /* OpenGLES.framework in Frameworks */ = {isa = PBXBuildFile; fileRef = C5DEB485176364E400187C94 /* OpenGLES.framework */; };
		C703D3E21765CF5E00A38C34 /* RMBTSpeedGraphView.m in Sources */ = {isa = PBXBuildFile; fileRef = C703D3E11765CF5E00A38C34 /* RMBTSpeedGraphView.m */; };
		C708280C1CB6795D00F482EB /* RMBTThroughputHistoryTest.m in Sources */ = {isa = PBXBuildFile; fileRef = C7E46737177CDDB600AAF7F0 /* RMBTThroughputHistoryTest.m */; };
		C708280D1CB6795F00F482EB /* RMBTSpeedTest.m in Sources */ = {isa = PBXBuildFile; fileRef = C7F3FB26179CA64D00E336CF /* RMBTSpeedTest.m */; };
		C708280E1CB6796200F482EB /* RMBTHelpersTest.m in Sources */ = {isa = PBXBuildFile; fileRef = C706B19117E24BAB006C6143 /* RMBTHelpersTest.m */; };
		C70C178C17D7BFC400F55964 /* Images.xcassets in Resources */ = {isa = PBXBuildFile; fileRef = C70C178B17D7BFC400F55964 /* Images.xcassets */; };
		C7228DEA17FBAC0300FB984D /* CLLocation+RMBTFormat.m in Sources */ = {isa = PBXBuildFile; fileRef = C7228DE917FBAC0300FB984D /* CLLocation+RMBTFormat.m */; };
		C7228DEC17FC199F00FB984D /* RMBTMapCalloutView.xib in Resources */ = {isa = PBXBuildFile; fileRef = C7228DEB17FC199F00FB984D /* RMBTMapCalloutView.xib */; };
		C7228DEF17FC1ADF00FB984D /* RMBTHistoryResultItemCell.m in Sources */ = {isa = PBXBuildFile; fileRef = C7228DEE17FC1ADF00FB984D /* RMBTHistoryResultItemCell.m */; };
		C7228DF317FC1CC900FB984D /* RMBTMapCalloutView.m in Sources */ = {isa = PBXBuildFile; fileRef = C7228DF217FC1CC900FB984D /* RMBTMapCalloutView.m */; };
		C72A27A417E1ECD400EC98B3 /* RMBTSSLHelper.m in Sources */ = {isa = PBXBuildFile; fileRef = C72A27A317E1ECD400EC98B3 /* RMBTSSLHelper.m */; };
		C73E792717673EBE0009855E /* RMBTSettings.m in Sources */ = {isa = PBXBuildFile; fileRef = C73E792617673EBE0009855E /* RMBTSettings.m */; };
		C73E792A176761630009855E /* RMBTSettingsViewController.m in Sources */ = {isa = PBXBuildFile; fileRef = C73E7929176761630009855E /* RMBTSettingsViewController.m */; };
		C74D81111A385FF3007FFA0C /* AutolayoutStoryboard.storyboard in Resources */ = {isa = PBXBuildFile; fileRef = C74D81101A385FF3007FFA0C /* AutolayoutStoryboard.storyboard */; };
		C7535B4818298F84003A8CC8 /* UITableViewCell+RMBTHeight.m in Sources */ = {isa = PBXBuildFile; fileRef = C7535B4718298F84003A8CC8 /* UITableViewCell+RMBTHeight.m */; };
		C75A1189179B12D800E2444F /* RMBTTOSViewController.m in Sources */ = {isa = PBXBuildFile; fileRef = C75A1188179B12D800E2444F /* RMBTTOSViewController.m */; };
		C75A118E179B3DEC00E2444F /* RMBTHistoryResultViewController.m in Sources */ = {isa = PBXBuildFile; fileRef = C75A118D179B3DEC00E2444F /* RMBTHistoryResultViewController.m */; };
		C75A1191179B50CE00E2444F /* RMBTHistoryResultDetailsViewController.m in Sources */ = {isa = PBXBuildFile; fileRef = C75A1190179B50CE00E2444F /* RMBTHistoryResultDetailsViewController.m */; };
		C75FF5C817B15DA600A58056 /* RMBTInfoTextViewController.m in Sources */ = {isa = PBXBuildFile; fileRef = C75FF5C717B15DA600A58056 /* RMBTInfoTextViewController.m */; };
		C75FF5CB17B16ABE00A58056 /* RMBTMapServer.m in Sources */ = {isa = PBXBuildFile; fileRef = C75FF5CA17B16ABE00A58056 /* RMBTMapServer.m */; };
		C75FF5CE17B16C2700A58056 /* RMBTMapViewController.m in Sources */ = {isa = PBXBuildFile; fileRef = C75FF5CD17B16C2700A58056 /* RMBTMapViewController.m */; };
		C75FF5D517B1970600A58056 /* RMBTMapOptions.m in Sources */ = {isa = PBXBuildFile; fileRef = C75FF5D417B1970600A58056 /* RMBTMapOptions.m */; };
		C75FF5D817B2602F00A58056 /* RMBTMapOptionsViewController.m in Sources */ = {isa = PBXBuildFile; fileRef = C75FF5D717B2602E00A58056 /* RMBTMapOptionsViewController.m */; };
		C75FF5DC17B3DD4A00A58056 /* RMBTMapOptionsFilterViewController.m in Sources */ = {isa = PBXBuildFile; fileRef = C75FF5DB17B3DD4900A58056 /* RMBTMapOptionsFilterViewController.m */; };
		C76B8C87177709C800925BE1 /* RMBTThroughputHistory.m in Sources */ = {isa = PBXBuildFile; fileRef = C76B8C86177709C800925BE1 /* RMBTThroughputHistory.m */; };
		C774EE7717920C9C00D623A3 /* RMBTConnectivity.m in Sources */ = {isa = PBXBuildFile; fileRef = C774EE7617920C9C00D623A3 /* RMBTConnectivity.m */; };
		C774EE7A1792F73D00D623A3 /* RMBTLocationTracker.m in Sources */ = {isa = PBXBuildFile; fileRef = C774EE791792F73D00D623A3 /* RMBTLocationTracker.m */; };
		C774EE7F1793676700D623A3 /* RMBTHistoryIndexViewController.m in Sources */ = {isa = PBXBuildFile; fileRef = C774EE7E1793676700D623A3 /* RMBTHistoryIndexViewController.m */; };
		C774EE8317936AF700D623A3 /* RMBTHistoryResult.m in Sources */ = {isa = PBXBuildFile; fileRef = C774EE8217936AF700D623A3 /* RMBTHistoryResult.m */; };
		C774EE861793742900D623A3 /* RMBTHistoryIndexCell.m in Sources */ = {isa = PBXBuildFile; fileRef = C774EE851793742900D623A3 /* RMBTHistoryIndexCell.m */; };
		C7770889179987B700BB478B /* RMBTInfoViewController.m in Sources */ = {isa = PBXBuildFile; fileRef = C7770888179987B700BB478B /* RMBTInfoViewController.m */; };
		C77708941799CB3F00BB478B /* UIViewController+ModalBrowser.m in Sources */ = {isa = PBXBuildFile; fileRef = C77708931799CB3F00BB478B /* UIViewController+ModalBrowser.m */; };
		C779E9E917403364003874AB /* QuartzCore.framework in Frameworks */ = {isa = PBXBuildFile; fileRef = C779E9E817403364003874AB /* QuartzCore.framework */; };
		C780408D1814B09D0015EB24 /* MainStoryboard.storyboard in Resources */ = {isa = PBXBuildFile; fileRef = C792B8751814AEC700D504DF /* MainStoryboard.storyboard */; };
		C78D26BF1764A65D008143DF /* RMBTThroughput.m in Sources */ = {isa = PBXBuildFile; fileRef = C78D26BE1764A65D008143DF /* RMBTThroughput.m */; };
		C7912CB6177D581F004AD2A4 /* RMBTSpeed.m in Sources */ = {isa = PBXBuildFile; fileRef = C7912CB5177D581F004AD2A4 /* RMBTSpeed.m */; };
		C7916EB2173E9B6400B40152 /* RMBTControlServer.m in Sources */ = {isa = PBXBuildFile; fileRef = C7916EB1173E9B6400B40152 /* RMBTControlServer.m */; };
		C7916EB7173EB65F00B40152 /* SystemConfiguration.framework in Frameworks */ = {isa = PBXBuildFile; fileRef = C7916EB6173EB65F00B40152 /* SystemConfiguration.framework */; };
		C7916EB9173EB68200B40152 /* MobileCoreServices.framework in Frameworks */ = {isa = PBXBuildFile; fileRef = C7916EB8173EB68200B40152 /* MobileCoreServices.framework */; };
		C7978FD717F1D07100BF986C /* RMBTConnectivityTracker.m in Sources */ = {isa = PBXBuildFile; fileRef = C7978FD617F1D07100BF986C /* RMBTConnectivityTracker.m */; };
		C79C94A617713106000CF5EE /* RMBTLogger.m in Sources */ = {isa = PBXBuildFile; fileRef = C79C94A517713106000CF5EE /* RMBTLogger.m */; };
		C7A25B3917D95DAB00B7A44B /* RMBTTOS.m in Sources */ = {isa = PBXBuildFile; fileRef = C7A25B3817D95DAB00B7A44B /* RMBTTOS.m */; };
		C7A4B75A17B43C8400176B92 /* RMBTMapMeasurement.m in Sources */ = {isa = PBXBuildFile; fileRef = C7A4B75917B43C8400176B92 /* RMBTMapMeasurement.m */; };
		C7B15A34180AA6810097676F /* RMBTStatsViewController.m in Sources */ = {isa = PBXBuildFile; fileRef = C7B15A33180AA6810097676F /* RMBTStatsViewController.m */; };
		C7B4A99F17E8D3E700223ABD /* RMBTPing.m in Sources */ = {isa = PBXBuildFile; fileRef = C7B4A99E17E8D3E700223ABD /* RMBTPing.m */; };
		C7B5C1C41A3B2B5F002BECF3 /* UIColor+RMBTHex.m in Sources */ = {isa = PBXBuildFile; fileRef = C7B5C1C31A3B2B5F002BECF3 /* UIColor+RMBTHex.m */; };
		C7C5424417A69E9C000180A1 /* InfoPlist.strings in Resources */ = {isa = PBXBuildFile; fileRef = C7C5424617A69E9C000180A1 /* InfoPlist.strings */; };
		C7C5424D17A6DD3A000180A1 /* RMBTHistoryFilterViewController.m in Sources */ = {isa = PBXBuildFile; fileRef = C7C5424C17A6DD3A000180A1 /* RMBTHistoryFilterViewController.m */; };
		C7C5B54D17E884620035D752 /* RMBTMapSubViewController.m in Sources */ = {isa = PBXBuildFile; fileRef = C7C5B54C17E884620035D752 /* RMBTMapSubViewController.m */; };
		C7CBC54218105C140041301D /* RMBTModalWebViewController.m in Sources */ = {isa = PBXBuildFile; fileRef = C7CBC54118105C140041301D /* RMBTModalWebViewController.m */; };
		C7DE147C173E8F610079477A /* UIKit.framework in Frameworks */ = {isa = PBXBuildFile; fileRef = C7DE147B173E8F610079477A /* UIKit.framework */; };
		C7DE147E173E8F610079477A /* Foundation.framework in Frameworks */ = {isa = PBXBuildFile; fileRef = C7DE147D173E8F610079477A /* Foundation.framework */; };
		C7DE1480173E8F610079477A /* CoreGraphics.framework in Frameworks */ = {isa = PBXBuildFile; fileRef = C7DE147F173E8F610079477A /* CoreGraphics.framework */; };
		C7DE1488173E8F610079477A /* main.m in Sources */ = {isa = PBXBuildFile; fileRef = C7DE1487173E8F610079477A /* main.m */; };
		C7DE148C173E8F610079477A /* RMBTAppDelegate.m in Sources */ = {isa = PBXBuildFile; fileRef = C7DE148B173E8F610079477A /* RMBTAppDelegate.m */; };
		C7DE149B173E8F610079477A /* RMBTTestViewController.m in Sources */ = {isa = PBXBuildFile; fileRef = C7DE149A173E8F610079477A /* RMBTTestViewController.m */; };
		C7DF2BB617D91AE400A0E76B /* RMBTNews.m in Sources */ = {isa = PBXBuildFile; fileRef = C7DF2BB517D91AE400A0E76B /* RMBTNews.m */; };
		C7E58170180726E100706848 /* RMBTNavigationBar.m in Sources */ = {isa = PBXBuildFile; fileRef = C7E5816D180726E000706848 /* RMBTNavigationBar.m */; };
		C7E5817518075B5400706848 /* RMBTIntroViewController.m in Sources */ = {isa = PBXBuildFile; fileRef = C7E5817418075B5400706848 /* RMBTIntroViewController.m */; };
		C7E5817818078CDD00706848 /* RMBTVerticalTransitionController.m in Sources */ = {isa = PBXBuildFile; fileRef = C7E5817718078CDD00706848 /* RMBTVerticalTransitionController.m */; };
		C7EBA1A5173FD3F40055F578 /* RMBTTestParams.m in Sources */ = {isa = PBXBuildFile; fileRef = C7EBA1A4173FD3F40055F578 /* RMBTTestParams.m */; };
		C7EBA1A8173FE4A50055F578 /* RMBTTestWorker.m in Sources */ = {isa = PBXBuildFile; fileRef = C7EBA1A7173FE4A40055F578 /* RMBTTestWorker.m */; };
		C7ECD90F174DB042000DF966 /* RMBTTestRunner.m in Sources */ = {isa = PBXBuildFile; fileRef = C7ECD90E174DB042000DF966 /* RMBTTestRunner.m */; };
		C7ECD919174E93E1000DF966 /* RMBTTestResult.m in Sources */ = {isa = PBXBuildFile; fileRef = C7ECD918174E93E1000DF966 /* RMBTTestResult.m */; };
		C7ECD920174EB8EB000DF966 /* RMBTGaugeView.m in Sources */ = {isa = PBXBuildFile; fileRef = C7ECD91F174EB8EB000DF966 /* RMBTGaugeView.m */; };
		C7ECD97A174ED9AE000DF966 /* UIView+Position.m in Sources */ = {isa = PBXBuildFile; fileRef = C7ECD979174ED9AD000DF966 /* UIView+Position.m */; };
		C7F08F6A1769F37700741844 /* CoreTelephony.framework in Frameworks */ = {isa = PBXBuildFile; fileRef = C7F08F691769F37600741844 /* CoreTelephony.framework */; };
		C7F3FB33179CC86900E336CF /* terms_conditions_long.html in Resources */ = {isa = PBXBuildFile; fileRef = C7F3FB35179CC86900E336CF /* terms_conditions_long.html */; };
		C7F3FB3C179CCCD600E336CF /* Localizable.strings in Resources */ = {isa = PBXBuildFile; fileRef = C7F3FB3E179CCCD600E336CF /* Localizable.strings */; };
		C7F599A71A2A81940020ADC4 /* RMBTHistoryIndexCell.xib in Resources */ = {isa = PBXBuildFile; fileRef = C7F599A61A2A81940020ADC4 /* RMBTHistoryIndexCell.xib */; };
/* End PBXBuildFile section */

/* Begin PBXContainerItemProxy section */
		C70828071CB6792F00F482EB /* PBXContainerItemProxy */ = {
			isa = PBXContainerItemProxy;
			containerPortal = C7DE1470173E8F610079477A /* Project object */;
			proxyType = 1;
			remoteGlobalIDString = C7DE1477173E8F610079477A;
			remoteInfo = RMBT;
		};
/* End PBXContainerItemProxy section */

/* Begin PBXFileReference section */
		74B5D1F96A5D607CBD1C4902 /* libPods-RMBT.a */ = {isa = PBXFileReference; explicitFileType = archive.ar; includeInIndex = 0; path = "libPods-RMBT.a"; sourceTree = BUILT_PRODUCTS_DIR; };
		C573F2A4175281D300C728FC /* MapKit.framework */ = {isa = PBXFileReference; lastKnownFileType = wrapper.framework; name = MapKit.framework; path = System/Library/Frameworks/MapKit.framework; sourceTree = SDKROOT; };
		C573F2B0175294A500C728FC /* CoreLocation.framework */ = {isa = PBXFileReference; lastKnownFileType = wrapper.framework; name = CoreLocation.framework; path = System/Library/Frameworks/CoreLocation.framework; sourceTree = SDKROOT; };
		C59D7B451764E6CF003E9702 /* RMBTHelpers.h */ = {isa = PBXFileReference; fileEncoding = 4; lastKnownFileType = sourcecode.c.h; path = RMBTHelpers.h; sourceTree = "<group>"; };
		C59D7B461764E6CF003E9702 /* RMBTHelpers.m */ = {isa = PBXFileReference; fileEncoding = 4; lastKnownFileType = sourcecode.c.objc; path = RMBTHelpers.m; sourceTree = "<group>"; };
		C5DEB475176364B100187C94 /* AVFoundation.framework */ = {isa = PBXFileReference; lastKnownFileType = wrapper.framework; name = AVFoundation.framework; path = System/Library/Frameworks/AVFoundation.framework; sourceTree = SDKROOT; };
		C5DEB477176364BC00187C94 /* CoreData.framework */ = {isa = PBXFileReference; lastKnownFileType = wrapper.framework; name = CoreData.framework; path = System/Library/Frameworks/CoreData.framework; sourceTree = SDKROOT; };
		C5DEB479176364C300187C94 /* CoreText.framework */ = {isa = PBXFileReference; lastKnownFileType = wrapper.framework; name = CoreText.framework; path = System/Library/Frameworks/CoreText.framework; sourceTree = SDKROOT; };
		C5DEB47B176364C900187C94 /* GLKit.framework */ = {isa = PBXFileReference; lastKnownFileType = wrapper.framework; name = GLKit.framework; path = System/Library/Frameworks/GLKit.framework; sourceTree = SDKROOT; };
		C5DEB47D176364CE00187C94 /* ImageIO.framework */ = {isa = PBXFileReference; lastKnownFileType = wrapper.framework; name = ImageIO.framework; path = System/Library/Frameworks/ImageIO.framework; sourceTree = SDKROOT; };
		C5DEB47F176364D500187C94 /* libc++.dylib */ = {isa = PBXFileReference; lastKnownFileType = "compiled.mach-o.dylib"; name = "libc++.dylib"; path = "usr/lib/libc++.dylib"; sourceTree = SDKROOT; };
		C5DEB481176364D900187C94 /* libicucore.dylib */ = {isa = PBXFileReference; lastKnownFileType = "compiled.mach-o.dylib"; name = libicucore.dylib; path = usr/lib/libicucore.dylib; sourceTree = SDKROOT; };
		C5DEB483176364DF00187C94 /* libz.dylib */ = {isa = PBXFileReference; lastKnownFileType = "compiled.mach-o.dylib"; name = libz.dylib; path = usr/lib/libz.dylib; sourceTree = SDKROOT; };
		C5DEB485176364E400187C94 /* OpenGLES.framework */ = {isa = PBXFileReference; lastKnownFileType = wrapper.framework; name = OpenGLES.framework; path = System/Library/Frameworks/OpenGLES.framework; sourceTree = SDKROOT; };
		C703D3E01765CF5E00A38C34 /* RMBTSpeedGraphView.h */ = {isa = PBXFileReference; fileEncoding = 4; lastKnownFileType = sourcecode.c.h; path = RMBTSpeedGraphView.h; sourceTree = "<group>"; };
		C703D3E11765CF5E00A38C34 /* RMBTSpeedGraphView.m */ = {isa = PBXFileReference; fileEncoding = 4; lastKnownFileType = sourcecode.c.objc; path = RMBTSpeedGraphView.m; sourceTree = "<group>"; };
		C706B19117E24BAB006C6143 /* RMBTHelpersTest.m */ = {isa = PBXFileReference; fileEncoding = 4; lastKnownFileType = sourcecode.c.objc; path = RMBTHelpersTest.m; sourceTree = "<group>"; };
		C70828021CB6792F00F482EB /* RMBTTest.xctest */ = {isa = PBXFileReference; explicitFileType = wrapper.cfbundle; includeInIndex = 0; path = RMBTTest.xctest; sourceTree = BUILT_PRODUCTS_DIR; };
		C70828061CB6792F00F482EB /* Info.plist */ = {isa = PBXFileReference; lastKnownFileType = text.plist.xml; name = Info.plist; path = ../RMBTTest/Info.plist; sourceTree = "<group>"; };
		C70C178B17D7BFC400F55964 /* Images.xcassets */ = {isa = PBXFileReference; lastKnownFileType = folder.assetcatalog; path = Images.xcassets; sourceTree = "<group>"; };
		C7228DE817FBAC0300FB984D /* CLLocation+RMBTFormat.h */ = {isa = PBXFileReference; fileEncoding = 4; lastKnownFileType = sourcecode.c.h; path = "CLLocation+RMBTFormat.h"; sourceTree = "<group>"; };
		C7228DE917FBAC0300FB984D /* CLLocation+RMBTFormat.m */ = {isa = PBXFileReference; fileEncoding = 4; lastKnownFileType = sourcecode.c.objc; path = "CLLocation+RMBTFormat.m"; sourceTree = "<group>"; };
		C7228DEB17FC199F00FB984D /* RMBTMapCalloutView.xib */ = {isa = PBXFileReference; fileEncoding = 4; lastKnownFileType = file.xib; path = RMBTMapCalloutView.xib; sourceTree = "<group>"; };
		C7228DED17FC1ADF00FB984D /* RMBTHistoryResultItemCell.h */ = {isa = PBXFileReference; fileEncoding = 4; lastKnownFileType = sourcecode.c.h; path = RMBTHistoryResultItemCell.h; sourceTree = "<group>"; };
		C7228DEE17FC1ADF00FB984D /* RMBTHistoryResultItemCell.m */ = {isa = PBXFileReference; fileEncoding = 4; lastKnownFileType = sourcecode.c.objc; path = RMBTHistoryResultItemCell.m; sourceTree = "<group>"; };
		C7228DF117FC1CC900FB984D /* RMBTMapCalloutView.h */ = {isa = PBXFileReference; fileEncoding = 4; lastKnownFileType = sourcecode.c.h; path = RMBTMapCalloutView.h; sourceTree = "<group>"; };
		C7228DF217FC1CC900FB984D /* RMBTMapCalloutView.m */ = {isa = PBXFileReference; fileEncoding = 4; lastKnownFileType = sourcecode.c.objc; path = RMBTMapCalloutView.m; sourceTree = "<group>"; };
		C72A27A217E1ECD400EC98B3 /* RMBTSSLHelper.h */ = {isa = PBXFileReference; fileEncoding = 4; lastKnownFileType = sourcecode.c.h; path = RMBTSSLHelper.h; sourceTree = "<group>"; };
		C72A27A317E1ECD400EC98B3 /* RMBTSSLHelper.m */ = {isa = PBXFileReference; fileEncoding = 4; lastKnownFileType = sourcecode.c.objc; path = RMBTSSLHelper.m; sourceTree = "<group>"; };
		C737DE0A182F013100E5551C /* Base */ = {isa = PBXFileReference; lastKnownFileType = text.html; name = Base; path = Base.lproj/terms_conditions_long.html; sourceTree = "<group>"; };
		C73E792517673EBE0009855E /* RMBTSettings.h */ = {isa = PBXFileReference; fileEncoding = 4; lastKnownFileType = sourcecode.c.h; path = RMBTSettings.h; sourceTree = "<group>"; };
		C73E792617673EBE0009855E /* RMBTSettings.m */ = {isa = PBXFileReference; fileEncoding = 4; lastKnownFileType = sourcecode.c.objc; path = RMBTSettings.m; sourceTree = "<group>"; };
		C73E7928176761630009855E /* RMBTSettingsViewController.h */ = {isa = PBXFileReference; fileEncoding = 4; lastKnownFileType = sourcecode.c.h; path = RMBTSettingsViewController.h; sourceTree = "<group>"; };
		C73E7929176761630009855E /* RMBTSettingsViewController.m */ = {isa = PBXFileReference; fileEncoding = 4; lastKnownFileType = sourcecode.c.objc; path = RMBTSettingsViewController.m; sourceTree = "<group>"; };
		C74D81101A385FF3007FFA0C /* AutolayoutStoryboard.storyboard */ = {isa = PBXFileReference; fileEncoding = 4; lastKnownFileType = file.storyboard; path = AutolayoutStoryboard.storyboard; sourceTree = "<group>"; };
		C7535B4618298F84003A8CC8 /* UITableViewCell+RMBTHeight.h */ = {isa = PBXFileReference; fileEncoding = 4; lastKnownFileType = sourcecode.c.h; path = "UITableViewCell+RMBTHeight.h"; sourceTree = "<group>"; };
		C7535B4718298F84003A8CC8 /* UITableViewCell+RMBTHeight.m */ = {isa = PBXFileReference; fileEncoding = 4; lastKnownFileType = sourcecode.c.objc; path = "UITableViewCell+RMBTHeight.m"; sourceTree = "<group>"; };
		C75A1187179B12D800E2444F /* RMBTTOSViewController.h */ = {isa = PBXFileReference; fileEncoding = 4; lastKnownFileType = sourcecode.c.h; path = RMBTTOSViewController.h; sourceTree = "<group>"; };
		C75A1188179B12D800E2444F /* RMBTTOSViewController.m */ = {isa = PBXFileReference; fileEncoding = 4; lastKnownFileType = sourcecode.c.objc; path = RMBTTOSViewController.m; sourceTree = "<group>"; };
		C75A118C179B3DEB00E2444F /* RMBTHistoryResultViewController.h */ = {isa = PBXFileReference; fileEncoding = 4; lastKnownFileType = sourcecode.c.h; path = RMBTHistoryResultViewController.h; sourceTree = "<group>"; };
		C75A118D179B3DEC00E2444F /* RMBTHistoryResultViewController.m */ = {isa = PBXFileReference; fileEncoding = 4; lastKnownFileType = sourcecode.c.objc; path = RMBTHistoryResultViewController.m; sourceTree = "<group>"; };
		C75A118F179B50CE00E2444F /* RMBTHistoryResultDetailsViewController.h */ = {isa = PBXFileReference; fileEncoding = 4; lastKnownFileType = sourcecode.c.h; path = RMBTHistoryResultDetailsViewController.h; sourceTree = "<group>"; };
		C75A1190179B50CE00E2444F /* RMBTHistoryResultDetailsViewController.m */ = {isa = PBXFileReference; fileEncoding = 4; lastKnownFileType = sourcecode.c.objc; path = RMBTHistoryResultDetailsViewController.m; sourceTree = "<group>"; };
		C75DEAFE1826C91200BC091E /* hr */ = {isa = PBXFileReference; lastKnownFileType = text.plist.strings; name = hr; path = hr.lproj/MainStoryboard.strings; sourceTree = "<group>"; };
		C75DEB021826CB2900BC091E /* hr */ = {isa = PBXFileReference; lastKnownFileType = text.plist.strings; name = hr; path = hr.lproj/Localizable.strings; sourceTree = "<group>"; };
		C75FF5C617B15DA600A58056 /* RMBTInfoTextViewController.h */ = {isa = PBXFileReference; fileEncoding = 4; lastKnownFileType = sourcecode.c.h; path = RMBTInfoTextViewController.h; sourceTree = "<group>"; };
		C75FF5C717B15DA600A58056 /* RMBTInfoTextViewController.m */ = {isa = PBXFileReference; fileEncoding = 4; lastKnownFileType = sourcecode.c.objc; path = RMBTInfoTextViewController.m; sourceTree = "<group>"; };
		C75FF5C917B16ABE00A58056 /* RMBTMapServer.h */ = {isa = PBXFileReference; fileEncoding = 4; lastKnownFileType = sourcecode.c.h; path = RMBTMapServer.h; sourceTree = "<group>"; };
		C75FF5CA17B16ABE00A58056 /* RMBTMapServer.m */ = {isa = PBXFileReference; fileEncoding = 4; lastKnownFileType = sourcecode.c.objc; path = RMBTMapServer.m; sourceTree = "<group>"; };
		C75FF5CC17B16C2700A58056 /* RMBTMapViewController.h */ = {isa = PBXFileReference; fileEncoding = 4; lastKnownFileType = sourcecode.c.h; path = RMBTMapViewController.h; sourceTree = "<group>"; };
		C75FF5CD17B16C2700A58056 /* RMBTMapViewController.m */ = {isa = PBXFileReference; fileEncoding = 4; lastKnownFileType = sourcecode.c.objc; path = RMBTMapViewController.m; sourceTree = "<group>"; };
		C75FF5D317B1970600A58056 /* RMBTMapOptions.h */ = {isa = PBXFileReference; fileEncoding = 4; lastKnownFileType = sourcecode.c.h; path = RMBTMapOptions.h; sourceTree = "<group>"; };
		C75FF5D417B1970600A58056 /* RMBTMapOptions.m */ = {isa = PBXFileReference; fileEncoding = 4; lastKnownFileType = sourcecode.c.objc; path = RMBTMapOptions.m; sourceTree = "<group>"; };
		C75FF5D617B2602E00A58056 /* RMBTMapOptionsViewController.h */ = {isa = PBXFileReference; fileEncoding = 4; lastKnownFileType = sourcecode.c.h; path = RMBTMapOptionsViewController.h; sourceTree = "<group>"; };
		C75FF5D717B2602E00A58056 /* RMBTMapOptionsViewController.m */ = {isa = PBXFileReference; fileEncoding = 4; lastKnownFileType = sourcecode.c.objc; path = RMBTMapOptionsViewController.m; sourceTree = "<group>"; };
		C75FF5DA17B3DD4800A58056 /* RMBTMapOptionsFilterViewController.h */ = {isa = PBXFileReference; fileEncoding = 4; lastKnownFileType = sourcecode.c.h; path = RMBTMapOptionsFilterViewController.h; sourceTree = "<group>"; };
		C75FF5DB17B3DD4900A58056 /* RMBTMapOptionsFilterViewController.m */ = {isa = PBXFileReference; fileEncoding = 4; lastKnownFileType = sourcecode.c.objc; path = RMBTMapOptionsFilterViewController.m; sourceTree = "<group>"; };
		C76B8C85177709C800925BE1 /* RMBTThroughputHistory.h */ = {isa = PBXFileReference; fileEncoding = 4; lastKnownFileType = sourcecode.c.h; path = RMBTThroughputHistory.h; sourceTree = "<group>"; };
		C76B8C86177709C800925BE1 /* RMBTThroughputHistory.m */ = {isa = PBXFileReference; fileEncoding = 4; lastKnownFileType = sourcecode.c.objc; path = RMBTThroughputHistory.m; sourceTree = "<group>"; };
		C774E17017B0EBBD00C6129F /* RMBTConfig.h */ = {isa = PBXFileReference; fileEncoding = 4; lastKnownFileType = sourcecode.c.h; path = RMBTConfig.h; sourceTree = "<group>"; };
		C774EE7517920C9C00D623A3 /* RMBTConnectivity.h */ = {isa = PBXFileReference; fileEncoding = 4; lastKnownFileType = sourcecode.c.h; path = RMBTConnectivity.h; sourceTree = "<group>"; };
		C774EE7617920C9C00D623A3 /* RMBTConnectivity.m */ = {isa = PBXFileReference; fileEncoding = 4; lastKnownFileType = sourcecode.c.objc; path = RMBTConnectivity.m; sourceTree = "<group>"; };
		C774EE781792F73D00D623A3 /* RMBTLocationTracker.h */ = {isa = PBXFileReference; fileEncoding = 4; lastKnownFileType = sourcecode.c.h; path = RMBTLocationTracker.h; sourceTree = "<group>"; };
		C774EE791792F73D00D623A3 /* RMBTLocationTracker.m */ = {isa = PBXFileReference; fileEncoding = 4; lastKnownFileType = sourcecode.c.objc; path = RMBTLocationTracker.m; sourceTree = "<group>"; };
		C774EE7D1793676700D623A3 /* RMBTHistoryIndexViewController.h */ = {isa = PBXFileReference; fileEncoding = 4; lastKnownFileType = sourcecode.c.h; path = RMBTHistoryIndexViewController.h; sourceTree = "<group>"; };
		C774EE7E1793676700D623A3 /* RMBTHistoryIndexViewController.m */ = {isa = PBXFileReference; fileEncoding = 4; lastKnownFileType = sourcecode.c.objc; path = RMBTHistoryIndexViewController.m; sourceTree = "<group>"; };
		C774EE8117936AF700D623A3 /* RMBTHistoryResult.h */ = {isa = PBXFileReference; fileEncoding = 4; lastKnownFileType = sourcecode.c.h; path = RMBTHistoryResult.h; sourceTree = "<group>"; };
		C774EE8217936AF700D623A3 /* RMBTHistoryResult.m */ = {isa = PBXFileReference; fileEncoding = 4; lastKnownFileType = sourcecode.c.objc; path = RMBTHistoryResult.m; sourceTree = "<group>"; };
		C774EE841793742900D623A3 /* RMBTHistoryIndexCell.h */ = {isa = PBXFileReference; fileEncoding = 4; lastKnownFileType = sourcecode.c.h; path = RMBTHistoryIndexCell.h; sourceTree = "<group>"; };
		C774EE851793742900D623A3 /* RMBTHistoryIndexCell.m */ = {isa = PBXFileReference; fileEncoding = 4; lastKnownFileType = sourcecode.c.objc; path = RMBTHistoryIndexCell.m; sourceTree = "<group>"; };
		C7770887179987B700BB478B /* RMBTInfoViewController.h */ = {isa = PBXFileReference; fileEncoding = 4; lastKnownFileType = sourcecode.c.h; path = RMBTInfoViewController.h; sourceTree = "<group>"; };
		C7770888179987B700BB478B /* RMBTInfoViewController.m */ = {isa = PBXFileReference; fileEncoding = 4; lastKnownFileType = sourcecode.c.objc; path = RMBTInfoViewController.m; sourceTree = "<group>"; };
		C77708921799CB3F00BB478B /* UIViewController+ModalBrowser.h */ = {isa = PBXFileReference; fileEncoding = 4; lastKnownFileType = sourcecode.c.h; path = "UIViewController+ModalBrowser.h"; sourceTree = "<group>"; };
		C77708931799CB3F00BB478B /* UIViewController+ModalBrowser.m */ = {isa = PBXFileReference; fileEncoding = 4; lastKnownFileType = sourcecode.c.objc; path = "UIViewController+ModalBrowser.m"; sourceTree = "<group>"; };
		C779CAA7182EFF6200398781 /* sv */ = {isa = PBXFileReference; lastKnownFileType = text.plist.strings; name = sv; path = sv.lproj/MainStoryboard.strings; sourceTree = "<group>"; };
		C779CAA9182EFF6200398781 /* sv */ = {isa = PBXFileReference; lastKnownFileType = text.plist.strings; name = sv; path = sv.lproj/Localizable.strings; sourceTree = "<group>"; };
		C779E9E817403364003874AB /* QuartzCore.framework */ = {isa = PBXFileReference; lastKnownFileType = wrapper.framework; name = QuartzCore.framework; path = System/Library/Frameworks/QuartzCore.framework; sourceTree = SDKROOT; };
		C782A6F71AA62C7800297AFB /* cs */ = {isa = PBXFileReference; lastKnownFileType = text.plist.strings; name = cs; path = cs.lproj/Localizable.strings; sourceTree = "<group>"; };
		C782A6F81AA62C8600297AFB /* cs */ = {isa = PBXFileReference; lastKnownFileType = text.plist.strings; name = cs; path = cs.lproj/MainStoryboard.strings; sourceTree = "<group>"; };
		C78D26BD1764A65C008143DF /* RMBTThroughput.h */ = {isa = PBXFileReference; fileEncoding = 4; lastKnownFileType = sourcecode.c.h; path = RMBTThroughput.h; sourceTree = "<group>"; };
		C78D26BE1764A65D008143DF /* RMBTThroughput.m */ = {isa = PBXFileReference; fileEncoding = 4; lastKnownFileType = sourcecode.c.objc; path = RMBTThroughput.m; sourceTree = "<group>"; };
		C7912CB4177D581F004AD2A4 /* RMBTSpeed.h */ = {isa = PBXFileReference; fileEncoding = 4; lastKnownFileType = sourcecode.c.h; path = RMBTSpeed.h; sourceTree = "<group>"; };
		C7912CB5177D581F004AD2A4 /* RMBTSpeed.m */ = {isa = PBXFileReference; fileEncoding = 4; lastKnownFileType = sourcecode.c.objc; path = RMBTSpeed.m; sourceTree = "<group>"; };
		C7916EAA173E945E00B40152 /* RMBT-Info.plist */ = {isa = PBXFileReference; fileEncoding = 4; lastKnownFileType = text.plist.xml; path = "RMBT-Info.plist"; sourceTree = "<group>"; };
		C7916EB0173E9B6400B40152 /* RMBTControlServer.h */ = {isa = PBXFileReference; fileEncoding = 4; lastKnownFileType = sourcecode.c.h; path = RMBTControlServer.h; sourceTree = "<group>"; };
		C7916EB1173E9B6400B40152 /* RMBTControlServer.m */ = {isa = PBXFileReference; fileEncoding = 4; lastKnownFileType = sourcecode.c.objc; path = RMBTControlServer.m; sourceTree = "<group>"; };
		C7916EB6173EB65F00B40152 /* SystemConfiguration.framework */ = {isa = PBXFileReference; lastKnownFileType = wrapper.framework; name = SystemConfiguration.framework; path = System/Library/Frameworks/SystemConfiguration.framework; sourceTree = SDKROOT; };
		C7916EB8173EB68200B40152 /* MobileCoreServices.framework */ = {isa = PBXFileReference; lastKnownFileType = wrapper.framework; name = MobileCoreServices.framework; path = System/Library/Frameworks/MobileCoreServices.framework; sourceTree = SDKROOT; };
		C792B8741814AEC700D504DF /* Base */ = {isa = PBXFileReference; lastKnownFileType = file.storyboard; name = Base; path = Base.lproj/MainStoryboard.storyboard; sourceTree = "<group>"; };
		C792B8791814AED000D504DF /* de */ = {isa = PBXFileReference; lastKnownFileType = text.plist.strings; name = de; path = de.lproj/MainStoryboard.strings; sourceTree = "<group>"; };
		C79401EF17FAE2EF00484B8A /* RMBTNetworkType.h */ = {isa = PBXFileReference; fileEncoding = 4; lastKnownFileType = sourcecode.c.h; path = RMBTNetworkType.h; sourceTree = "<group>"; };
		C7978FD517F1D07100BF986C /* RMBTConnectivityTracker.h */ = {isa = PBXFileReference; fileEncoding = 4; lastKnownFileType = sourcecode.c.h; path = RMBTConnectivityTracker.h; sourceTree = "<group>"; };
		C7978FD617F1D07100BF986C /* RMBTConnectivityTracker.m */ = {isa = PBXFileReference; fileEncoding = 4; lastKnownFileType = sourcecode.c.objc; path = RMBTConnectivityTracker.m; sourceTree = "<group>"; };
		C79C94A417713106000CF5EE /* RMBTLogger.h */ = {isa = PBXFileReference; fileEncoding = 4; lastKnownFileType = sourcecode.c.h; path = RMBTLogger.h; sourceTree = "<group>"; };
		C79C94A517713106000CF5EE /* RMBTLogger.m */ = {isa = PBXFileReference; fileEncoding = 4; lastKnownFileType = sourcecode.c.objc; path = RMBTLogger.m; sourceTree = "<group>"; };
		C7A053771784923700B3F6A2 /* RMBTBlockTypes.h */ = {isa = PBXFileReference; fileEncoding = 4; lastKnownFileType = sourcecode.c.h; path = RMBTBlockTypes.h; sourceTree = "<group>"; };
		C7A25B3717D95DAB00B7A44B /* RMBTTOS.h */ = {isa = PBXFileReference; fileEncoding = 4; lastKnownFileType = sourcecode.c.h; path = RMBTTOS.h; sourceTree = "<group>"; };
		C7A25B3817D95DAB00B7A44B /* RMBTTOS.m */ = {isa = PBXFileReference; fileEncoding = 4; lastKnownFileType = sourcecode.c.objc; path = RMBTTOS.m; sourceTree = "<group>"; };
		C7A4B75817B43C8400176B92 /* RMBTMapMeasurement.h */ = {isa = PBXFileReference; fileEncoding = 4; lastKnownFileType = sourcecode.c.h; path = RMBTMapMeasurement.h; sourceTree = "<group>"; };
		C7A4B75917B43C8400176B92 /* RMBTMapMeasurement.m */ = {isa = PBXFileReference; fileEncoding = 4; lastKnownFileType = sourcecode.c.objc; path = RMBTMapMeasurement.m; sourceTree = "<group>"; };
		C7B15A32180AA6810097676F /* RMBTStatsViewController.h */ = {isa = PBXFileReference; fileEncoding = 4; lastKnownFileType = sourcecode.c.h; path = RMBTStatsViewController.h; sourceTree = "<group>"; };
		C7B15A33180AA6810097676F /* RMBTStatsViewController.m */ = {isa = PBXFileReference; fileEncoding = 4; lastKnownFileType = sourcecode.c.objc; path = RMBTStatsViewController.m; sourceTree = "<group>"; };
		C7B4A99D17E8D3E700223ABD /* RMBTPing.h */ = {isa = PBXFileReference; fileEncoding = 4; lastKnownFileType = sourcecode.c.h; path = RMBTPing.h; sourceTree = "<group>"; };
		C7B4A99E17E8D3E700223ABD /* RMBTPing.m */ = {isa = PBXFileReference; fileEncoding = 4; lastKnownFileType = sourcecode.c.objc; path = RMBTPing.m; sourceTree = "<group>"; };
		C7B5C1C21A3B2B5F002BECF3 /* UIColor+RMBTHex.h */ = {isa = PBXFileReference; fileEncoding = 4; lastKnownFileType = sourcecode.c.h; path = "UIColor+RMBTHex.h"; sourceTree = "<group>"; };
		C7B5C1C31A3B2B5F002BECF3 /* UIColor+RMBTHex.m */ = {isa = PBXFileReference; fileEncoding = 4; lastKnownFileType = sourcecode.c.objc; path = "UIColor+RMBTHex.m"; sourceTree = "<group>"; };
		C7C0EFE3176CD18F003758AA /* Debug.xcconfig */ = {isa = PBXFileReference; lastKnownFileType = text.xcconfig; name = Debug.xcconfig; path = Configurations/Debug.xcconfig; sourceTree = SOURCE_ROOT; };
		C7C5424B17A6DD3A000180A1 /* RMBTHistoryFilterViewController.h */ = {isa = PBXFileReference; fileEncoding = 4; lastKnownFileType = sourcecode.c.h; path = RMBTHistoryFilterViewController.h; sourceTree = "<group>"; };
		C7C5424C17A6DD3A000180A1 /* RMBTHistoryFilterViewController.m */ = {isa = PBXFileReference; fileEncoding = 4; lastKnownFileType = sourcecode.c.objc; path = RMBTHistoryFilterViewController.m; sourceTree = "<group>"; };
		C7C5B54B17E8834C0035D752 /* RMBTMapSubViewController.h */ = {isa = PBXFileReference; fileEncoding = 4; lastKnownFileType = sourcecode.c.h; path = RMBTMapSubViewController.h; sourceTree = "<group>"; };
		C7C5B54C17E884620035D752 /* RMBTMapSubViewController.m */ = {isa = PBXFileReference; fileEncoding = 4; lastKnownFileType = sourcecode.c.objc; path = RMBTMapSubViewController.m; sourceTree = "<group>"; };
		C7C820FD184908B2009B757F /* fr */ = {isa = PBXFileReference; lastKnownFileType = text.plist.strings; name = fr; path = fr.lproj/MainStoryboard.strings; sourceTree = "<group>"; };
		C7C82100184908B2009B757F /* fr */ = {isa = PBXFileReference; lastKnownFileType = text.plist.strings; name = fr; path = fr.lproj/Localizable.strings; sourceTree = "<group>"; };
		C7CBC54018105C140041301D /* RMBTModalWebViewController.h */ = {isa = PBXFileReference; fileEncoding = 4; lastKnownFileType = sourcecode.c.h; path = RMBTModalWebViewController.h; sourceTree = "<group>"; };
		C7CBC54118105C140041301D /* RMBTModalWebViewController.m */ = {isa = PBXFileReference; fileEncoding = 4; lastKnownFileType = sourcecode.c.objc; path = RMBTModalWebViewController.m; sourceTree = "<group>"; };
		C7CC5560176CEAF300861605 /* _Shared.xcconfig */ = {isa = PBXFileReference; lastKnownFileType = text.xcconfig; name = _Shared.xcconfig; path = Configurations/_Shared.xcconfig; sourceTree = "<group>"; };
		C7DE1478173E8F610079477A /* RMBT.app */ = {isa = PBXFileReference; explicitFileType = wrapper.application; includeInIndex = 0; path = RMBT.app; sourceTree = BUILT_PRODUCTS_DIR; };
		C7DE147B173E8F610079477A /* UIKit.framework */ = {isa = PBXFileReference; lastKnownFileType = wrapper.framework; name = UIKit.framework; path = System/Library/Frameworks/UIKit.framework; sourceTree = SDKROOT; };
		C7DE147D173E8F610079477A /* Foundation.framework */ = {isa = PBXFileReference; lastKnownFileType = wrapper.framework; name = Foundation.framework; path = System/Library/Frameworks/Foundation.framework; sourceTree = SDKROOT; };
		C7DE147F173E8F610079477A /* CoreGraphics.framework */ = {isa = PBXFileReference; lastKnownFileType = wrapper.framework; name = CoreGraphics.framework; path = System/Library/Frameworks/CoreGraphics.framework; sourceTree = SDKROOT; };
		C7DE1487173E8F610079477A /* main.m */ = {isa = PBXFileReference; lastKnownFileType = sourcecode.c.objc; path = main.m; sourceTree = "<group>"; };
		C7DE1489173E8F610079477A /* RMBT-Prefix.pch */ = {isa = PBXFileReference; lastKnownFileType = sourcecode.c.h; path = "RMBT-Prefix.pch"; sourceTree = "<group>"; };
		C7DE148A173E8F610079477A /* RMBTAppDelegate.h */ = {isa = PBXFileReference; lastKnownFileType = sourcecode.c.h; path = RMBTAppDelegate.h; sourceTree = "<group>"; };
		C7DE148B173E8F610079477A /* RMBTAppDelegate.m */ = {isa = PBXFileReference; lastKnownFileType = sourcecode.c.objc; path = RMBTAppDelegate.m; sourceTree = "<group>"; };
		C7DE1499173E8F610079477A /* RMBTTestViewController.h */ = {isa = PBXFileReference; lastKnownFileType = sourcecode.c.h; path = RMBTTestViewController.h; sourceTree = "<group>"; };
		C7DE149A173E8F610079477A /* RMBTTestViewController.m */ = {isa = PBXFileReference; lastKnownFileType = sourcecode.c.objc; path = RMBTTestViewController.m; sourceTree = "<group>"; };
		C7DF2BB417D91AE400A0E76B /* RMBTNews.h */ = {isa = PBXFileReference; fileEncoding = 4; lastKnownFileType = sourcecode.c.h; path = RMBTNews.h; sourceTree = "<group>"; };
		C7DF2BB517D91AE400A0E76B /* RMBTNews.m */ = {isa = PBXFileReference; fileEncoding = 4; lastKnownFileType = sourcecode.c.objc; path = RMBTNews.m; sourceTree = "<group>"; };
		C7E4672C177CDDB600AAF7F0 /* SenTestingKit.framework */ = {isa = PBXFileReference; lastKnownFileType = wrapper.framework; name = SenTestingKit.framework; path = Library/Frameworks/SenTestingKit.framework; sourceTree = DEVELOPER_DIR; };
		C7E46737177CDDB600AAF7F0 /* RMBTThroughputHistoryTest.m */ = {isa = PBXFileReference; lastKnownFileType = sourcecode.c.objc; path = RMBTThroughputHistoryTest.m; sourceTree = "<group>"; };
		C7E46739177CDDB600AAF7F0 /* RMBTTests-Prefix.pch */ = {isa = PBXFileReference; lastKnownFileType = sourcecode.c.h; path = "RMBTTests-Prefix.pch"; sourceTree = "<group>"; };
		C7E5816C180726E000706848 /* RMBTNavigationBar.h */ = {isa = PBXFileReference; fileEncoding = 4; lastKnownFileType = sourcecode.c.h; name = RMBTNavigationBar.h; path = Sources/RMBTNavigationBar.h; sourceTree = SOURCE_ROOT; };
		C7E5816D180726E000706848 /* RMBTNavigationBar.m */ = {isa = PBXFileReference; fileEncoding = 4; lastKnownFileType = sourcecode.c.objc; name = RMBTNavigationBar.m; path = Sources/RMBTNavigationBar.m; sourceTree = SOURCE_ROOT; };
		C7E5817318075B5400706848 /* RMBTIntroViewController.h */ = {isa = PBXFileReference; fileEncoding = 4; lastKnownFileType = sourcecode.c.h; path = RMBTIntroViewController.h; sourceTree = "<group>"; };
		C7E5817418075B5400706848 /* RMBTIntroViewController.m */ = {isa = PBXFileReference; fileEncoding = 4; lastKnownFileType = sourcecode.c.objc; path = RMBTIntroViewController.m; sourceTree = "<group>"; };
		C7E5817618078CDD00706848 /* RMBTVerticalTransitionController.h */ = {isa = PBXFileReference; fileEncoding = 4; lastKnownFileType = sourcecode.c.h; path = RMBTVerticalTransitionController.h; sourceTree = "<group>"; };
		C7E5817718078CDD00706848 /* RMBTVerticalTransitionController.m */ = {isa = PBXFileReference; fileEncoding = 4; lastKnownFileType = sourcecode.c.objc; path = RMBTVerticalTransitionController.m; sourceTree = "<group>"; };
		C7E8916218317A13003AECA6 /* es */ = {isa = PBXFileReference; lastKnownFileType = text.plist.strings; name = es; path = es.lproj/MainStoryboard.strings; sourceTree = "<group>"; };
		C7E8916318317A13003AECA6 /* es */ = {isa = PBXFileReference; lastKnownFileType = text.plist.strings; name = es; path = es.lproj/Localizable.strings; sourceTree = "<group>"; };
		C7EBA1A3173FD3F30055F578 /* RMBTTestParams.h */ = {isa = PBXFileReference; fileEncoding = 4; lastKnownFileType = sourcecode.c.h; path = RMBTTestParams.h; sourceTree = "<group>"; };
		C7EBA1A4173FD3F40055F578 /* RMBTTestParams.m */ = {isa = PBXFileReference; fileEncoding = 4; lastKnownFileType = sourcecode.c.objc; path = RMBTTestParams.m; sourceTree = "<group>"; };
		C7EBA1A6173FE4A40055F578 /* RMBTTestWorker.h */ = {isa = PBXFileReference; fileEncoding = 4; lastKnownFileType = sourcecode.c.h; path = RMBTTestWorker.h; sourceTree = "<group>"; };
		C7EBA1A7173FE4A40055F578 /* RMBTTestWorker.m */ = {isa = PBXFileReference; fileEncoding = 4; lastKnownFileType = sourcecode.c.objc; path = RMBTTestWorker.m; sourceTree = "<group>"; };
		C7ECD90D174DB042000DF966 /* RMBTTestRunner.h */ = {isa = PBXFileReference; fileEncoding = 4; lastKnownFileType = sourcecode.c.h; path = RMBTTestRunner.h; sourceTree = "<group>"; };
		C7ECD90E174DB042000DF966 /* RMBTTestRunner.m */ = {isa = PBXFileReference; fileEncoding = 4; lastKnownFileType = sourcecode.c.objc; path = RMBTTestRunner.m; sourceTree = "<group>"; };
		C7ECD917174E93E1000DF966 /* RMBTTestResult.h */ = {isa = PBXFileReference; fileEncoding = 4; lastKnownFileType = sourcecode.c.h; path = RMBTTestResult.h; sourceTree = "<group>"; };
		C7ECD918174E93E1000DF966 /* RMBTTestResult.m */ = {isa = PBXFileReference; fileEncoding = 4; lastKnownFileType = sourcecode.c.objc; path = RMBTTestResult.m; sourceTree = "<group>"; };
		C7ECD91E174EB8EB000DF966 /* RMBTGaugeView.h */ = {isa = PBXFileReference; fileEncoding = 4; lastKnownFileType = sourcecode.c.h; path = RMBTGaugeView.h; sourceTree = "<group>"; };
		C7ECD91F174EB8EB000DF966 /* RMBTGaugeView.m */ = {isa = PBXFileReference; fileEncoding = 4; lastKnownFileType = sourcecode.c.objc; path = RMBTGaugeView.m; sourceTree = "<group>"; };
		C7ECD978174ED9AD000DF966 /* UIView+Position.h */ = {isa = PBXFileReference; fileEncoding = 4; lastKnownFileType = sourcecode.c.h; path = "UIView+Position.h"; sourceTree = "<group>"; };
		C7ECD979174ED9AD000DF966 /* UIView+Position.m */ = {isa = PBXFileReference; fileEncoding = 4; lastKnownFileType = sourcecode.c.objc; path = "UIView+Position.m"; sourceTree = "<group>"; };
		C7F08F691769F37600741844 /* CoreTelephony.framework */ = {isa = PBXFileReference; lastKnownFileType = wrapper.framework; name = CoreTelephony.framework; path = System/Library/Frameworks/CoreTelephony.framework; sourceTree = SDKROOT; };
		C7F3FB26179CA64D00E336CF /* RMBTSpeedTest.m */ = {isa = PBXFileReference; fileEncoding = 4; lastKnownFileType = sourcecode.c.objc; path = RMBTSpeedTest.m; sourceTree = "<group>"; };
		C7F3FB3F179CCCD800E336CF /* de */ = {isa = PBXFileReference; lastKnownFileType = text.plist.strings; name = de; path = de.lproj/Localizable.strings; sourceTree = "<group>"; };
		C7F599A61A2A81940020ADC4 /* RMBTHistoryIndexCell.xib */ = {isa = PBXFileReference; fileEncoding = 4; lastKnownFileType = file.xib; path = RMBTHistoryIndexCell.xib; sourceTree = "<group>"; };
/* End PBXFileReference section */

/* Begin PBXFrameworksBuildPhase section */
		C70827FF1CB6792F00F482EB /* Frameworks */ = {
			isa = PBXFrameworksBuildPhase;
			buildActionMask = 2147483647;
			files = (
			);
			runOnlyForDeploymentPostprocessing = 0;
		};
		C7DE1475173E8F610079477A /* Frameworks */ = {
			isa = PBXFrameworksBuildPhase;
			buildActionMask = 2147483647;
			files = (
				C7F08F6A1769F37700741844 /* CoreTelephony.framework in Frameworks */,
				C5DEB486176364E400187C94 /* OpenGLES.framework in Frameworks */,
				C5DEB484176364DF00187C94 /* libz.dylib in Frameworks */,
				C5DEB482176364D900187C94 /* libicucore.dylib in Frameworks */,
				C5DEB480176364D500187C94 /* libc++.dylib in Frameworks */,
				C5DEB47E176364CE00187C94 /* ImageIO.framework in Frameworks */,
				C5DEB47C176364C900187C94 /* GLKit.framework in Frameworks */,
				C5DEB47A176364C300187C94 /* CoreText.framework in Frameworks */,
				C5DEB478176364BC00187C94 /* CoreData.framework in Frameworks */,
				C5DEB476176364B100187C94 /* AVFoundation.framework in Frameworks */,
				C573F2B1175294A500C728FC /* CoreLocation.framework in Frameworks */,
				C573F2A5175281D300C728FC /* MapKit.framework in Frameworks */,
				C779E9E917403364003874AB /* QuartzCore.framework in Frameworks */,
				C7916EB9173EB68200B40152 /* MobileCoreServices.framework in Frameworks */,
				C7916EB7173EB65F00B40152 /* SystemConfiguration.framework in Frameworks */,
				C7DE147C173E8F610079477A /* UIKit.framework in Frameworks */,
				C7DE147E173E8F610079477A /* Foundation.framework in Frameworks */,
				C7DE1480173E8F610079477A /* CoreGraphics.framework in Frameworks */,
				7ABF93939D07A19DF172C790 /* libPods-RMBT.a in Frameworks */,
			);
			runOnlyForDeploymentPostprocessing = 0;
		};
/* End PBXFrameworksBuildPhase section */

/* Begin PBXGroup section */
		B5AF762C1C3DE54BD04B4440 /* Pods */ = {
			isa = PBXGroup;
			children = (
			);
			name = Pods;
			sourceTree = "<group>";
		};
		C5DEB48B1763A0A800187C94 /* Map */ = {
			isa = PBXGroup;
			children = (
				C7228DF017FC1CB100FB984D /* Callout */,
				C7C5B54E17E887040035D752 /* Models */,
				C75FF5CC17B16C2700A58056 /* RMBTMapViewController.h */,
				C75FF5CD17B16C2700A58056 /* RMBTMapViewController.m */,
				C7C5B54B17E8834C0035D752 /* RMBTMapSubViewController.h */,
				C7C5B54C17E884620035D752 /* RMBTMapSubViewController.m */,
				C75FF5D617B2602E00A58056 /* RMBTMapOptionsViewController.h */,
				C75FF5D717B2602E00A58056 /* RMBTMapOptionsViewController.m */,
				C75FF5DA17B3DD4800A58056 /* RMBTMapOptionsFilterViewController.h */,
				C75FF5DB17B3DD4900A58056 /* RMBTMapOptionsFilterViewController.m */,
			);
			name = Map;
			sourceTree = "<group>";
		};
		C7228DF017FC1CB100FB984D /* Callout */ = {
			isa = PBXGroup;
			children = (
				C7228DEB17FC199F00FB984D /* RMBTMapCalloutView.xib */,
				C7228DF117FC1CC900FB984D /* RMBTMapCalloutView.h */,
				C7228DF217FC1CC900FB984D /* RMBTMapCalloutView.m */,
			);
			name = Callout;
			sourceTree = "<group>";
		};
		C73E792417673EA40009855E /* Settings */ = {
			isa = PBXGroup;
			children = (
				C73E792517673EBE0009855E /* RMBTSettings.h */,
				C73E792617673EBE0009855E /* RMBTSettings.m */,
				C73E7928176761630009855E /* RMBTSettingsViewController.h */,
				C73E7929176761630009855E /* RMBTSettingsViewController.m */,
			);
			name = Settings;
			sourceTree = "<group>";
		};
		C750D9EC17E8B29E0028969E /* Models */ = {
			isa = PBXGroup;
			children = (
				C7A25B3717D95DAB00B7A44B /* RMBTTOS.h */,
				C7A25B3817D95DAB00B7A44B /* RMBTTOS.m */,
			);
			name = Models;
			sourceTree = "<group>";
		};
		C750D9ED17E8B2BC0028969E /* Models */ = {
			isa = PBXGroup;
			children = (
				C774EE8117936AF700D623A3 /* RMBTHistoryResult.h */,
				C774EE8217936AF700D623A3 /* RMBTHistoryResult.m */,
			);
			name = Models;
			sourceTree = "<group>";
		};
		C75A1186179B12C800E2444F /* TOS */ = {
			isa = PBXGroup;
			children = (
				C750D9EC17E8B29E0028969E /* Models */,
				C75A1187179B12D800E2444F /* RMBTTOSViewController.h */,
				C75A1188179B12D800E2444F /* RMBTTOSViewController.m */,
			);
			name = TOS;
			sourceTree = "<group>";
		};
		C75A11A1179B66F100E2444F /* Index */ = {
			isa = PBXGroup;
			children = (
				C774EE7D1793676700D623A3 /* RMBTHistoryIndexViewController.h */,
				C774EE7E1793676700D623A3 /* RMBTHistoryIndexViewController.m */,
				C774EE841793742900D623A3 /* RMBTHistoryIndexCell.h */,
				C774EE851793742900D623A3 /* RMBTHistoryIndexCell.m */,
				C7F599A61A2A81940020ADC4 /* RMBTHistoryIndexCell.xib */,
				C7C5424B17A6DD3A000180A1 /* RMBTHistoryFilterViewController.h */,
				C7C5424C17A6DD3A000180A1 /* RMBTHistoryFilterViewController.m */,
			);
			name = Index;
			sourceTree = "<group>";
		};
		C75A11A2179B66F700E2444F /* Result */ = {
			isa = PBXGroup;
			children = (
				C75A118C179B3DEB00E2444F /* RMBTHistoryResultViewController.h */,
				C75A118D179B3DEC00E2444F /* RMBTHistoryResultViewController.m */,
				C7228DED17FC1ADF00FB984D /* RMBTHistoryResultItemCell.h */,
				C7228DEE17FC1ADF00FB984D /* RMBTHistoryResultItemCell.m */,
			);
			name = Result;
			sourceTree = "<group>";
		};
		C75A11A3179B66FC00E2444F /* Full Details */ = {
			isa = PBXGroup;
			children = (
				C75A118F179B50CE00E2444F /* RMBTHistoryResultDetailsViewController.h */,
				C75A1190179B50CE00E2444F /* RMBTHistoryResultDetailsViewController.m */,
			);
			name = "Full Details";
			sourceTree = "<group>";
		};
		C774EE7B1792FA3700D623A3 /* _Shared */ = {
			isa = PBXGroup;
			children = (
				C7DF2BB417D91AE400A0E76B /* RMBTNews.h */,
				C7DF2BB517D91AE400A0E76B /* RMBTNews.m */,
				C774E17017B0EBBD00C6129F /* RMBTConfig.h */,
				C59D7B451764E6CF003E9702 /* RMBTHelpers.h */,
				C59D7B461764E6CF003E9702 /* RMBTHelpers.m */,
				C7A053771784923700B3F6A2 /* RMBTBlockTypes.h */,
				C774EE781792F73D00D623A3 /* RMBTLocationTracker.h */,
				C774EE791792F73D00D623A3 /* RMBTLocationTracker.m */,
				C7916EB0173E9B6400B40152 /* RMBTControlServer.h */,
				C7916EB1173E9B6400B40152 /* RMBTControlServer.m */,
				C79C94A417713106000CF5EE /* RMBTLogger.h */,
				C79C94A517713106000CF5EE /* RMBTLogger.m */,
			);
			name = _Shared;
			sourceTree = "<group>";
		};
		C774EE7C1793674200D623A3 /* History */ = {
			isa = PBXGroup;
			children = (
				C750D9ED17E8B2BC0028969E /* Models */,
				C75A11A1179B66F100E2444F /* Index */,
				C75A11A2179B66F700E2444F /* Result */,
				C75A11A3179B66FC00E2444F /* Full Details */,
			);
			name = History;
			sourceTree = "<group>";
		};
		C774EE91179382F200D623A3 /* Test */ = {
			isa = PBXGroup;
			children = (
				C7ECD90C174DAECD000DF966 /* Models */,
				C7DE1499173E8F610079477A /* RMBTTestViewController.h */,
				C7DE149A173E8F610079477A /* RMBTTestViewController.m */,
				C7ECD91E174EB8EB000DF966 /* RMBTGaugeView.h */,
				C7ECD91F174EB8EB000DF966 /* RMBTGaugeView.m */,
				C703D3E01765CF5E00A38C34 /* RMBTSpeedGraphView.h */,
				C703D3E11765CF5E00A38C34 /* RMBTSpeedGraphView.m */,
			);
			name = Test;
			sourceTree = "<group>";
		};
		C7770886179987A000BB478B /* Info */ = {
			isa = PBXGroup;
			children = (
				C7770887179987B700BB478B /* RMBTInfoViewController.h */,
				C7770888179987B700BB478B /* RMBTInfoViewController.m */,
				C75FF5C617B15DA600A58056 /* RMBTInfoTextViewController.h */,
				C75FF5C717B15DA600A58056 /* RMBTInfoTextViewController.m */,
			);
			name = Info;
			sourceTree = "<group>";
		};
		C7916E9A173E90DB00B40152 /* Resources */ = {
			isa = PBXGroup;
			children = (
				C70C178B17D7BFC400F55964 /* Images.xcassets */,
				C7916EAA173E945E00B40152 /* RMBT-Info.plist */,
				C7F3FB3E179CCCD600E336CF /* Localizable.strings */,
				C7F3FB35179CC86900E336CF /* terms_conditions_long.html */,
			);
			path = Resources;
			sourceTree = "<group>";
		};
		C7946870175FF1B000B0DECD /* _Utility */ = {
			isa = PBXGroup;
			children = (
				C7CBC53F18105BFC0041301D /* Modal Web View */,
				C7E5817618078CDD00706848 /* RMBTVerticalTransitionController.h */,
				C7E5817718078CDD00706848 /* RMBTVerticalTransitionController.m */,
				C7E5816C180726E000706848 /* RMBTNavigationBar.h */,
				C7E5816D180726E000706848 /* RMBTNavigationBar.m */,
				C7ECD978174ED9AD000DF966 /* UIView+Position.h */,
				C7ECD979174ED9AD000DF966 /* UIView+Position.m */,
				C7228DE817FBAC0300FB984D /* CLLocation+RMBTFormat.h */,
				C7228DE917FBAC0300FB984D /* CLLocation+RMBTFormat.m */,
				C7535B4618298F84003A8CC8 /* UITableViewCell+RMBTHeight.h */,
				C7535B4718298F84003A8CC8 /* UITableViewCell+RMBTHeight.m */,
				C7B5C1C21A3B2B5F002BECF3 /* UIColor+RMBTHex.h */,
				C7B5C1C31A3B2B5F002BECF3 /* UIColor+RMBTHex.m */,
			);
			name = _Utility;
			sourceTree = "<group>";
		};
		C7B15A35180AA99B0097676F /* Stats */ = {
			isa = PBXGroup;
			children = (
				C7B15A32180AA6810097676F /* RMBTStatsViewController.h */,
				C7B15A33180AA6810097676F /* RMBTStatsViewController.m */,
			);
			name = Stats;
			sourceTree = "<group>";
		};
		C7B47F87176CD47600B04ABF /* Configurations */ = {
			isa = PBXGroup;
			children = (
				C7CC5560176CEAF300861605 /* _Shared.xcconfig */,
				C7C0EFE3176CD18F003758AA /* Debug.xcconfig */,
			);
			name = Configurations;
			sourceTree = "<group>";
		};
		C7C5B54E17E887040035D752 /* Models */ = {
			isa = PBXGroup;
			children = (
				C75FF5C917B16ABE00A58056 /* RMBTMapServer.h */,
				C75FF5CA17B16ABE00A58056 /* RMBTMapServer.m */,
				C7A4B75817B43C8400176B92 /* RMBTMapMeasurement.h */,
				C7A4B75917B43C8400176B92 /* RMBTMapMeasurement.m */,
				C75FF5D317B1970600A58056 /* RMBTMapOptions.h */,
				C75FF5D417B1970600A58056 /* RMBTMapOptions.m */,
			);
			name = Models;
			sourceTree = "<group>";
		};
		C7CBC53F18105BFC0041301D /* Modal Web View */ = {
			isa = PBXGroup;
			children = (
				C77708921799CB3F00BB478B /* UIViewController+ModalBrowser.h */,
				C77708931799CB3F00BB478B /* UIViewController+ModalBrowser.m */,
				C7CBC54018105C140041301D /* RMBTModalWebViewController.h */,
				C7CBC54118105C140041301D /* RMBTModalWebViewController.m */,
			);
			name = "Modal Web View";
			sourceTree = "<group>";
		};
		C7DE146F173E8F610079477A = {
			isa = PBXGroup;
			children = (
				C7B47F87176CD47600B04ABF /* Configurations */,
				C7E46730177CDDB600AAF7F0 /* Unit Tests */,
				C7DE1481173E8F610079477A /* Sources */,
				C7916E9A173E90DB00B40152 /* Resources */,
				C7DE147A173E8F610079477A /* Frameworks */,
				C7DE1479173E8F610079477A /* Products */,
				B5AF762C1C3DE54BD04B4440 /* Pods */,
			);
			sourceTree = "<group>";
		};
		C7DE1479173E8F610079477A /* Products */ = {
			isa = PBXGroup;
			children = (
				C7DE1478173E8F610079477A /* RMBT.app */,
				C70828021CB6792F00F482EB /* RMBTTest.xctest */,
			);
			name = Products;
			sourceTree = "<group>";
		};
		C7DE147A173E8F610079477A /* Frameworks */ = {
			isa = PBXGroup;
			children = (
				C7F08F691769F37600741844 /* CoreTelephony.framework */,
				C5DEB485176364E400187C94 /* OpenGLES.framework */,
				C5DEB483176364DF00187C94 /* libz.dylib */,
				C5DEB481176364D900187C94 /* libicucore.dylib */,
				C5DEB47F176364D500187C94 /* libc++.dylib */,
				C5DEB47D176364CE00187C94 /* ImageIO.framework */,
				C5DEB47B176364C900187C94 /* GLKit.framework */,
				C5DEB479176364C300187C94 /* CoreText.framework */,
				C5DEB477176364BC00187C94 /* CoreData.framework */,
				C5DEB475176364B100187C94 /* AVFoundation.framework */,
				C573F2B0175294A500C728FC /* CoreLocation.framework */,
				C573F2A4175281D300C728FC /* MapKit.framework */,
				C779E9E817403364003874AB /* QuartzCore.framework */,
				C7916EB8173EB68200B40152 /* MobileCoreServices.framework */,
				C7916EB6173EB65F00B40152 /* SystemConfiguration.framework */,
				C7DE147B173E8F610079477A /* UIKit.framework */,
				C7DE147D173E8F610079477A /* Foundation.framework */,
				C7DE147F173E8F610079477A /* CoreGraphics.framework */,
				C7E4672C177CDDB600AAF7F0 /* SenTestingKit.framework */,
				74B5D1F96A5D607CBD1C4902 /* libPods-RMBT.a */,
			);
			name = Frameworks;
			path = Vendor;
			sourceTree = "<group>";
		};
		C7DE1481173E8F610079477A /* Sources */ = {
			isa = PBXGroup;
			children = (
				C7ECD90A174DAE92000DF966 /* App */,
				C7DE1482173E8F610079477A /* Supporting Files */,
			);
			path = Sources;
			sourceTree = "<group>";
		};
		C7DE1482173E8F610079477A /* Supporting Files */ = {
			isa = PBXGroup;
			children = (
				C7DE1487173E8F610079477A /* main.m */,
				C7DE1489173E8F610079477A /* RMBT-Prefix.pch */,
			);
			name = "Supporting Files";
			sourceTree = "<group>";
		};
		C7E46730177CDDB600AAF7F0 /* Unit Tests */ = {
			isa = PBXGroup;
			children = (
				C7E46737177CDDB600AAF7F0 /* RMBTThroughputHistoryTest.m */,
				C7F3FB26179CA64D00E336CF /* RMBTSpeedTest.m */,
				C706B19117E24BAB006C6143 /* RMBTHelpersTest.m */,
				C7E46731177CDDB600AAF7F0 /* Supporting Files */,
			);
			name = "Unit Tests";
			path = RMBTTests;
			sourceTree = "<group>";
		};
		C7E46731177CDDB600AAF7F0 /* Supporting Files */ = {
			isa = PBXGroup;
			children = (
				C70828061CB6792F00F482EB /* Info.plist */,
				C7E46739177CDDB600AAF7F0 /* RMBTTests-Prefix.pch */,
			);
			name = "Supporting Files";
			sourceTree = "<group>";
		};
		C7E5817218075B3400706848 /* Intro */ = {
			isa = PBXGroup;
			children = (
				C7E5817318075B5400706848 /* RMBTIntroViewController.h */,
				C7E5817418075B5400706848 /* RMBTIntroViewController.m */,
			);
			name = Intro;
			sourceTree = "<group>";
		};
		C7ECD90A174DAE92000DF966 /* App */ = {
			isa = PBXGroup;
			children = (
				C7DE148A173E8F610079477A /* RMBTAppDelegate.h */,
				C7DE148B173E8F610079477A /* RMBTAppDelegate.m */,
				C792B8751814AEC700D504DF /* MainStoryboard.storyboard */,
				C74D81101A385FF3007FFA0C /* AutolayoutStoryboard.storyboard */,
				C774EE7B1792FA3700D623A3 /* _Shared */,
				C7946870175FF1B000B0DECD /* _Utility */,
				C75A1186179B12C800E2444F /* TOS */,
				C7E5817218075B3400706848 /* Intro */,
				C774EE91179382F200D623A3 /* Test */,
				C5DEB48B1763A0A800187C94 /* Map */,
				C774EE7C1793674200D623A3 /* History */,
				C7B15A35180AA99B0097676F /* Stats */,
				C73E792417673EA40009855E /* Settings */,
				C7770886179987A000BB478B /* Info */,
			);
			name = App;
			sourceTree = "<group>";
		};
		C7ECD90C174DAECD000DF966 /* Models */ = {
			isa = PBXGroup;
			children = (
				C7ECD90D174DB042000DF966 /* RMBTTestRunner.h */,
				C7ECD90E174DB042000DF966 /* RMBTTestRunner.m */,
				C7EBA1A6173FE4A40055F578 /* RMBTTestWorker.h */,
				C7EBA1A7173FE4A40055F578 /* RMBTTestWorker.m */,
				C72A27A217E1ECD400EC98B3 /* RMBTSSLHelper.h */,
				C72A27A317E1ECD400EC98B3 /* RMBTSSLHelper.m */,
				C79401EF17FAE2EF00484B8A /* RMBTNetworkType.h */,
				C774EE7517920C9C00D623A3 /* RMBTConnectivity.h */,
				C774EE7617920C9C00D623A3 /* RMBTConnectivity.m */,
				C7978FD517F1D07100BF986C /* RMBTConnectivityTracker.h */,
				C7978FD617F1D07100BF986C /* RMBTConnectivityTracker.m */,
				C7EBA1A3173FD3F30055F578 /* RMBTTestParams.h */,
				C7EBA1A4173FD3F40055F578 /* RMBTTestParams.m */,
				C7ECD917174E93E1000DF966 /* RMBTTestResult.h */,
				C7ECD918174E93E1000DF966 /* RMBTTestResult.m */,
				C78D26BD1764A65C008143DF /* RMBTThroughput.h */,
				C78D26BE1764A65D008143DF /* RMBTThroughput.m */,
				C76B8C85177709C800925BE1 /* RMBTThroughputHistory.h */,
				C76B8C86177709C800925BE1 /* RMBTThroughputHistory.m */,
				C7912CB4177D581F004AD2A4 /* RMBTSpeed.h */,
				C7912CB5177D581F004AD2A4 /* RMBTSpeed.m */,
				C7B4A99D17E8D3E700223ABD /* RMBTPing.h */,
				C7B4A99E17E8D3E700223ABD /* RMBTPing.m */,
			);
			name = Models;
			sourceTree = "<group>";
		};
/* End PBXGroup section */

/* Begin PBXNativeTarget section */
		C70828011CB6792F00F482EB /* RMBTTest */ = {
			isa = PBXNativeTarget;
			buildConfigurationList = C70828091CB6792F00F482EB /* Build configuration list for PBXNativeTarget "RMBTTest" */;
			buildPhases = (
				C70827FE1CB6792F00F482EB /* Sources */,
				C70827FF1CB6792F00F482EB /* Frameworks */,
				C70828001CB6792F00F482EB /* Resources */,
			);
			buildRules = (
			);
			dependencies = (
				C70828081CB6792F00F482EB /* PBXTargetDependency */,
			);
			name = RMBTTest;
			productName = RMBTTest;
			productReference = C70828021CB6792F00F482EB /* RMBTTest.xctest */;
			productType = "com.apple.product-type.bundle.unit-test";
		};
		C7DE1477173E8F610079477A /* RMBT */ = {
			isa = PBXNativeTarget;
			buildConfigurationList = C7DE149E173E8F610079477A /* Build configuration list for PBXNativeTarget "RMBT" */;
			buildPhases = (
				D2C080EC48316E5A53399219 /* [CP] Check Pods Manifest.lock */,
				C7DE1474173E8F610079477A /* Sources */,
				C7DE1475173E8F610079477A /* Frameworks */,
				C7DE1476173E8F610079477A /* Resources */,
				C79401F017FB021000484B8A /* Run Script: Add Build Infos */,
				C7F33E2218551D1A00A6ABC0 /* Run Script: Overlay Icons */,
				0EAFA3233FFCB28802C03579 /* [CP] Embed Pods Frameworks */,
				2EFF0F7A027008F7C09ABC37 /* [CP] Copy Pods Resources */,
			);
			buildRules = (
			);
			dependencies = (
			);
			name = RMBT;
			productName = RMBT;
			productReference = C7DE1478173E8F610079477A /* RMBT.app */;
			productType = "com.apple.product-type.application";
		};
/* End PBXNativeTarget section */

/* Begin PBXProject section */
		C7DE1470173E8F610079477A /* Project object */ = {
			isa = PBXProject;
			attributes = {
				CLASSPREFIX = RMBT;
				LastTestingUpgradeCheck = 0730;
				LastUpgradeCheck = 0810;
				ORGANIZATIONNAME = "appscape gmbh";
				TargetAttributes = {
					C70828011CB6792F00F482EB = {
						CreatedOnToolsVersion = 7.3;
						TestTargetID = C7DE1477173E8F610079477A;
					};
					C7DE1477173E8F610079477A = {
						DevelopmentTeam = Q599AA54QB;
					};
				};
			};
			buildConfigurationList = C7DE1473173E8F610079477A /* Build configuration list for PBXProject "RMBT" */;
			compatibilityVersion = "Xcode 3.2";
			developmentRegion = English;
			hasScannedForEncodings = 0;
			knownRegions = (
				en,
				Base,
				de,
				hr,
				sv,
				es,
				fr,
				cs,
			);
			mainGroup = C7DE146F173E8F610079477A;
			productRefGroup = C7DE1479173E8F610079477A /* Products */;
			projectDirPath = "";
			projectRoot = "";
			targets = (
				C7DE1477173E8F610079477A /* RMBT */,
				C70828011CB6792F00F482EB /* RMBTTest */,
			);
		};
/* End PBXProject section */

/* Begin PBXResourcesBuildPhase section */
		C70828001CB6792F00F482EB /* Resources */ = {
			isa = PBXResourcesBuildPhase;
			buildActionMask = 2147483647;
			files = (
			);
			runOnlyForDeploymentPostprocessing = 0;
		};
		C7DE1476173E8F610079477A /* Resources */ = {
			isa = PBXResourcesBuildPhase;
			buildActionMask = 2147483647;
			files = (
				C780408D1814B09D0015EB24 /* MainStoryboard.storyboard in Resources */,
				C7228DEC17FC199F00FB984D /* RMBTMapCalloutView.xib in Resources */,
				C7F3FB33179CC86900E336CF /* terms_conditions_long.html in Resources */,
				C7F3FB3C179CCCD600E336CF /* Localizable.strings in Resources */,
				C7F599A71A2A81940020ADC4 /* RMBTHistoryIndexCell.xib in Resources */,
				C7C5424417A69E9C000180A1 /* InfoPlist.strings in Resources */,
				C70C178C17D7BFC400F55964 /* Images.xcassets in Resources */,
				C74D81111A385FF3007FFA0C /* AutolayoutStoryboard.storyboard in Resources */,
			);
			runOnlyForDeploymentPostprocessing = 0;
		};
/* End PBXResourcesBuildPhase section */

/* Begin PBXShellScriptBuildPhase section */
		0EAFA3233FFCB28802C03579 /* [CP] Embed Pods Frameworks */ = {
			isa = PBXShellScriptBuildPhase;
			buildActionMask = 2147483647;
			files = (
			);
			inputPaths = (
			);
			name = "[CP] Embed Pods Frameworks";
			outputPaths = (
			);
			runOnlyForDeploymentPostprocessing = 0;
			shellPath = /bin/sh;
			shellScript = "\"${SRCROOT}/Pods/Target Support Files/Pods-RMBT/Pods-RMBT-frameworks.sh\"\n";
			showEnvVarsInLog = 0;
		};
		2EFF0F7A027008F7C09ABC37 /* [CP] Copy Pods Resources */ = {
			isa = PBXShellScriptBuildPhase;
			buildActionMask = 2147483647;
			files = (
			);
			inputPaths = (
			);
			name = "[CP] Copy Pods Resources";
			outputPaths = (
			);
			runOnlyForDeploymentPostprocessing = 0;
			shellPath = /bin/sh;
			shellScript = "\"${SRCROOT}/Pods/Target Support Files/Pods-RMBT/Pods-RMBT-resources.sh\"\n";
			showEnvVarsInLog = 0;
		};
		C79401F017FB021000484B8A /* Run Script: Add Build Infos */ = {
			isa = PBXShellScriptBuildPhase;
			buildActionMask = 2147483647;
			files = (
			);
			inputPaths = (
			);
			name = "Run Script: Add Build Infos";
			outputPaths = (
			);
			runOnlyForDeploymentPostprocessing = 0;
			shellPath = /bin/sh;
			shellScript = "\"${SRCROOT}/Scripts/add_build_infos.sh\"";
		};
		C7F33E2218551D1A00A6ABC0 /* Run Script: Overlay Icons */ = {
			isa = PBXShellScriptBuildPhase;
			buildActionMask = 2147483647;
			files = (
			);
			inputPaths = (
			);
			name = "Run Script: Overlay Icons";
			outputPaths = (
			);
			runOnlyForDeploymentPostprocessing = 0;
			shellPath = /bin/sh;
			shellScript = "${PROJECT_DIR}/Scripts/overlay_icons.sh";
		};
		D2C080EC48316E5A53399219 /* [CP] Check Pods Manifest.lock */ = {
			isa = PBXShellScriptBuildPhase;
			buildActionMask = 2147483647;
			files = (
			);
			inputPaths = (
			);
			name = "[CP] Check Pods Manifest.lock";
			outputPaths = (
			);
			runOnlyForDeploymentPostprocessing = 0;
			shellPath = /bin/sh;
			shellScript = "diff \"${PODS_ROOT}/../Podfile.lock\" \"${PODS_ROOT}/Manifest.lock\" > /dev/null\nif [ $? != 0 ] ; then\n    # print error to STDERR\n    echo \"error: The sandbox is not in sync with the Podfile.lock. Run 'pod install' or update your CocoaPods installation.\" >&2\n    exit 1\nfi\n";
			showEnvVarsInLog = 0;
		};
/* End PBXShellScriptBuildPhase section */

/* Begin PBXSourcesBuildPhase section */
		C70827FE1CB6792F00F482EB /* Sources */ = {
			isa = PBXSourcesBuildPhase;
			buildActionMask = 2147483647;
			files = (
				C708280D1CB6795F00F482EB /* RMBTSpeedTest.m in Sources */,
				C708280C1CB6795D00F482EB /* RMBTThroughputHistoryTest.m in Sources */,
				C708280E1CB6796200F482EB /* RMBTHelpersTest.m in Sources */,
			);
			runOnlyForDeploymentPostprocessing = 0;
		};
		C7DE1474173E8F610079477A /* Sources */ = {
			isa = PBXSourcesBuildPhase;
			buildActionMask = 2147483647;
			files = (
				C7535B4818298F84003A8CC8 /* UITableViewCell+RMBTHeight.m in Sources */,
				C7DE1488173E8F610079477A /* main.m in Sources */,
				C7DE148C173E8F610079477A /* RMBTAppDelegate.m in Sources */,
				C7DE149B173E8F610079477A /* RMBTTestViewController.m in Sources */,
				C7916EB2173E9B6400B40152 /* RMBTControlServer.m in Sources */,
				C7EBA1A5173FD3F40055F578 /* RMBTTestParams.m in Sources */,
				C7A25B3917D95DAB00B7A44B /* RMBTTOS.m in Sources */,
				C7EBA1A8173FE4A50055F578 /* RMBTTestWorker.m in Sources */,
				C7ECD90F174DB042000DF966 /* RMBTTestRunner.m in Sources */,
				C7ECD919174E93E1000DF966 /* RMBTTestResult.m in Sources */,
				C7ECD920174EB8EB000DF966 /* RMBTGaugeView.m in Sources */,
				C7E5817518075B5400706848 /* RMBTIntroViewController.m in Sources */,
				C7ECD97A174ED9AE000DF966 /* UIView+Position.m in Sources */,
				C7B4A99F17E8D3E700223ABD /* RMBTPing.m in Sources */,
				C78D26BF1764A65D008143DF /* RMBTThroughput.m in Sources */,
				C59D7B471764E6CF003E9702 /* RMBTHelpers.m in Sources */,
				C7228DF317FC1CC900FB984D /* RMBTMapCalloutView.m in Sources */,
				C7228DEA17FBAC0300FB984D /* CLLocation+RMBTFormat.m in Sources */,
				C7228DEF17FC1ADF00FB984D /* RMBTHistoryResultItemCell.m in Sources */,
				C7B5C1C41A3B2B5F002BECF3 /* UIColor+RMBTHex.m in Sources */,
				C703D3E21765CF5E00A38C34 /* RMBTSpeedGraphView.m in Sources */,
				C73E792717673EBE0009855E /* RMBTSettings.m in Sources */,
				C73E792A176761630009855E /* RMBTSettingsViewController.m in Sources */,
				C79C94A617713106000CF5EE /* RMBTLogger.m in Sources */,
				C76B8C87177709C800925BE1 /* RMBTThroughputHistory.m in Sources */,
				C7912CB6177D581F004AD2A4 /* RMBTSpeed.m in Sources */,
				C7B15A34180AA6810097676F /* RMBTStatsViewController.m in Sources */,
				C774EE7717920C9C00D623A3 /* RMBTConnectivity.m in Sources */,
				C7E58170180726E100706848 /* RMBTNavigationBar.m in Sources */,
				C774EE7A1792F73D00D623A3 /* RMBTLocationTracker.m in Sources */,
				C7DF2BB617D91AE400A0E76B /* RMBTNews.m in Sources */,
				C72A27A417E1ECD400EC98B3 /* RMBTSSLHelper.m in Sources */,
				C7E5817818078CDD00706848 /* RMBTVerticalTransitionController.m in Sources */,
				C774EE7F1793676700D623A3 /* RMBTHistoryIndexViewController.m in Sources */,
				C774EE8317936AF700D623A3 /* RMBTHistoryResult.m in Sources */,
				C774EE861793742900D623A3 /* RMBTHistoryIndexCell.m in Sources */,
				C7770889179987B700BB478B /* RMBTInfoViewController.m in Sources */,
				C77708941799CB3F00BB478B /* UIViewController+ModalBrowser.m in Sources */,
				C75A1189179B12D800E2444F /* RMBTTOSViewController.m in Sources */,
				C75A118E179B3DEC00E2444F /* RMBTHistoryResultViewController.m in Sources */,
				C7CBC54218105C140041301D /* RMBTModalWebViewController.m in Sources */,
				C75A1191179B50CE00E2444F /* RMBTHistoryResultDetailsViewController.m in Sources */,
				C7C5424D17A6DD3A000180A1 /* RMBTHistoryFilterViewController.m in Sources */,
				C75FF5C817B15DA600A58056 /* RMBTInfoTextViewController.m in Sources */,
				C75FF5CB17B16ABE00A58056 /* RMBTMapServer.m in Sources */,
				C75FF5CE17B16C2700A58056 /* RMBTMapViewController.m in Sources */,
				C75FF5D517B1970600A58056 /* RMBTMapOptions.m in Sources */,
				C75FF5D817B2602F00A58056 /* RMBTMapOptionsViewController.m in Sources */,
				C7978FD717F1D07100BF986C /* RMBTConnectivityTracker.m in Sources */,
				C75FF5DC17B3DD4A00A58056 /* RMBTMapOptionsFilterViewController.m in Sources */,
				C7C5B54D17E884620035D752 /* RMBTMapSubViewController.m in Sources */,
				C7A4B75A17B43C8400176B92 /* RMBTMapMeasurement.m in Sources */,
			);
			runOnlyForDeploymentPostprocessing = 0;
		};
/* End PBXSourcesBuildPhase section */

/* Begin PBXTargetDependency section */
		C70828081CB6792F00F482EB /* PBXTargetDependency */ = {
			isa = PBXTargetDependency;
			target = C7DE1477173E8F610079477A /* RMBT */;
			targetProxy = C70828071CB6792F00F482EB /* PBXContainerItemProxy */;
		};
/* End PBXTargetDependency section */

/* Begin PBXVariantGroup section */
		C792B8751814AEC700D504DF /* MainStoryboard.storyboard */ = {
			isa = PBXVariantGroup;
			children = (
				C792B8741814AEC700D504DF /* Base */,
				C792B8791814AED000D504DF /* de */,
				C75DEAFE1826C91200BC091E /* hr */,
				C779CAA7182EFF6200398781 /* sv */,
				C7E8916218317A13003AECA6 /* es */,
				C7C820FD184908B2009B757F /* fr */,
				C782A6F81AA62C8600297AFB /* cs */,
			);
			name = MainStoryboard.storyboard;
			path = ../Resources;
			sourceTree = "<group>";
		};
		C7C5424617A69E9C000180A1 /* InfoPlist.strings */ = {
			isa = PBXVariantGroup;
			children = (
			);
			name = InfoPlist.strings;
			sourceTree = "<group>";
		};
		C7F3FB35179CC86900E336CF /* terms_conditions_long.html */ = {
			isa = PBXVariantGroup;
			children = (
				C737DE0A182F013100E5551C /* Base */,
			);
			name = terms_conditions_long.html;
			sourceTree = "<group>";
		};
		C7F3FB3E179CCCD600E336CF /* Localizable.strings */ = {
			isa = PBXVariantGroup;
			children = (
				C7F3FB3F179CCCD800E336CF /* de */,
				C75DEB021826CB2900BC091E /* hr */,
				C779CAA9182EFF6200398781 /* sv */,
				C7E8916318317A13003AECA6 /* es */,
				C7C82100184908B2009B757F /* fr */,
				C782A6F71AA62C7800297AFB /* cs */,
			);
			name = Localizable.strings;
			sourceTree = "<group>";
		};
/* End PBXVariantGroup section */

/* Begin XCBuildConfiguration section */
		C708280A1CB6792F00F482EB /* Debug */ = {
			isa = XCBuildConfiguration;
			buildSettings = {
				BUNDLE_LOADER = "$(TEST_HOST)";
				CLANG_ANALYZER_NONNULL = YES;
				CLANG_ENABLE_MODULES = YES;
				CLANG_WARN_BOOL_CONVERSION = YES;
				CLANG_WARN_DIRECT_OBJC_ISA_USAGE = YES_ERROR;
				CLANG_WARN_OBJC_ROOT_CLASS = YES_ERROR;
				CLANG_WARN_UNREACHABLE_CODE = YES;
				DEBUG_INFORMATION_FORMAT = dwarf;
				ENABLE_STRICT_OBJC_MSGSEND = YES;
				ENABLE_TESTABILITY = YES;
				GCC_NO_COMMON_BLOCKS = YES;
				GCC_PREFIX_HEADER = "RMBTTests/RMBTTests-Prefix.pch";
				GCC_PREPROCESSOR_DEFINITIONS = (
					"DEBUG=1",
					"$(inherited)",
				);
				GCC_WARN_64_TO_32_BIT_CONVERSION = YES;
				GCC_WARN_ABOUT_RETURN_TYPE = YES_ERROR;
				GCC_WARN_UNDECLARED_SELECTOR = YES;
				GCC_WARN_UNINITIALIZED_AUTOS = YES_AGGRESSIVE;
				GCC_WARN_UNUSED_FUNCTION = YES;
				INFOPLIST_FILE = RMBTTest/Info.plist;
				IPHONEOS_DEPLOYMENT_TARGET = 9.3;
				LD_RUNPATH_SEARCH_PATHS = "$(inherited) @executable_path/Frameworks @loader_path/Frameworks";
				MTL_ENABLE_DEBUG_INFO = YES;
				PRODUCT_BUNDLE_IDENTIFIER = at.rtr.RMBTTest;
				PRODUCT_NAME = "$(TARGET_NAME)";
				TEST_HOST = "$(BUILT_PRODUCTS_DIR)/RMBT.app/RMBT";
			};
			name = Debug;
		};
		C708280B1CB6792F00F482EB /* Release */ = {
			isa = XCBuildConfiguration;
			buildSettings = {
				BUNDLE_LOADER = "$(TEST_HOST)";
				CLANG_ANALYZER_NONNULL = YES;
				CLANG_ENABLE_MODULES = YES;
				CLANG_WARN_BOOL_CONVERSION = YES;
				CLANG_WARN_DIRECT_OBJC_ISA_USAGE = YES_ERROR;
				CLANG_WARN_OBJC_ROOT_CLASS = YES_ERROR;
				CLANG_WARN_UNREACHABLE_CODE = YES;
				"CODE_SIGN_IDENTITY[sdk=iphoneos*]" = "iPhone Developer";
				COPY_PHASE_STRIP = NO;
				DEBUG_INFORMATION_FORMAT = "dwarf-with-dsym";
				ENABLE_NS_ASSERTIONS = NO;
				ENABLE_STRICT_OBJC_MSGSEND = YES;
				GCC_NO_COMMON_BLOCKS = YES;
				GCC_PREFIX_HEADER = "RMBTTests/RMBTTests-Prefix.pch";
				GCC_WARN_64_TO_32_BIT_CONVERSION = YES;
				GCC_WARN_ABOUT_RETURN_TYPE = YES_ERROR;
				GCC_WARN_UNDECLARED_SELECTOR = YES;
				GCC_WARN_UNINITIALIZED_AUTOS = YES_AGGRESSIVE;
				GCC_WARN_UNUSED_FUNCTION = YES;
				INFOPLIST_FILE = RMBTTest/Info.plist;
				IPHONEOS_DEPLOYMENT_TARGET = 9.3;
				LD_RUNPATH_SEARCH_PATHS = "$(inherited) @executable_path/Frameworks @loader_path/Frameworks";
				MTL_ENABLE_DEBUG_INFO = NO;
				PRODUCT_BUNDLE_IDENTIFIER = at.rtr.RMBTTest;
				PRODUCT_NAME = "$(TARGET_NAME)";
				TEST_HOST = "$(BUILT_PRODUCTS_DIR)/RMBT.app/RMBT";
			};
			name = Release;
		};
		C7DE149C173E8F610079477A /* Debug */ = {
			isa = XCBuildConfiguration;
			buildSettings = {
				ALWAYS_SEARCH_USER_PATHS = NO;
				CLANG_ANALYZER_LOCALIZABILITY_NONLOCALIZED = YES;
				CLANG_CXX_LANGUAGE_STANDARD = "gnu++0x";
				CLANG_CXX_LIBRARY = "libc++";
				CLANG_ENABLE_OBJC_ARC = YES;
				CLANG_WARN_BOOL_CONVERSION = YES;
				CLANG_WARN_CONSTANT_CONVERSION = YES;
				CLANG_WARN_EMPTY_BODY = YES;
				CLANG_WARN_ENUM_CONVERSION = YES;
				CLANG_WARN_INFINITE_RECURSION = YES;
				CLANG_WARN_INT_CONVERSION = YES;
				CLANG_WARN_SUSPICIOUS_MOVE = YES;
				CLANG_WARN_UNREACHABLE_CODE = YES;
				CLANG_WARN__DUPLICATE_METHOD_MATCH = YES;
				"CODE_SIGN_IDENTITY[sdk=iphoneos*]" = "iPhone Developer";
				COPY_PHASE_STRIP = NO;
				ENABLE_BITCODE = NO;
				ENABLE_STRICT_OBJC_MSGSEND = YES;
				ENABLE_TESTABILITY = YES;
				GCC_C_LANGUAGE_STANDARD = gnu99;
				GCC_DYNAMIC_NO_PIC = NO;
				GCC_NO_COMMON_BLOCKS = YES;
				GCC_OPTIMIZATION_LEVEL = 0;
				GCC_PREPROCESSOR_DEFINITIONS = "$(inherited)";
				GCC_SYMBOLS_PRIVATE_EXTERN = NO;
				GCC_WARN_64_TO_32_BIT_CONVERSION = YES;
				GCC_WARN_ABOUT_RETURN_TYPE = YES;
				GCC_WARN_UNDECLARED_SELECTOR = YES;
				GCC_WARN_UNINITIALIZED_AUTOS = YES;
				GCC_WARN_UNUSED_FUNCTION = YES;
				GCC_WARN_UNUSED_VARIABLE = YES;
				IPHONEOS_DEPLOYMENT_TARGET = 8.0;
				New_Setting = "";
				ONLY_ACTIVE_ARCH = YES;
				OTHER_CFLAGS = "-DDEBUG=1";
				"PROVISIONING_PROFILE[sdk=iphoneos*]" = "3e474441-c2e3-4192-a090-cd92a470e709";
				SDKROOT = iphoneos;
				TARGETED_DEVICE_FAMILY = "1,2";
			};
			name = Debug;
		};
		C7DE149D173E8F610079477A /* Release */ = {
			isa = XCBuildConfiguration;
			buildSettings = {
				ALWAYS_SEARCH_USER_PATHS = NO;
				CLANG_ANALYZER_LOCALIZABILITY_NONLOCALIZED = YES;
				CLANG_CXX_LANGUAGE_STANDARD = "gnu++0x";
				CLANG_CXX_LIBRARY = "libc++";
				CLANG_ENABLE_OBJC_ARC = YES;
				CLANG_WARN_BOOL_CONVERSION = YES;
				CLANG_WARN_CONSTANT_CONVERSION = YES;
				CLANG_WARN_EMPTY_BODY = YES;
				CLANG_WARN_ENUM_CONVERSION = YES;
				CLANG_WARN_INFINITE_RECURSION = YES;
				CLANG_WARN_INT_CONVERSION = YES;
				CLANG_WARN_SUSPICIOUS_MOVE = YES;
				CLANG_WARN_UNREACHABLE_CODE = YES;
				CLANG_WARN__DUPLICATE_METHOD_MATCH = YES;
				"CODE_SIGN_IDENTITY[sdk=iphoneos*]" = "";
				COPY_PHASE_STRIP = YES;
				ENABLE_BITCODE = NO;
				ENABLE_STRICT_OBJC_MSGSEND = YES;
				GCC_C_LANGUAGE_STANDARD = gnu99;
				GCC_NO_COMMON_BLOCKS = YES;
				GCC_WARN_64_TO_32_BIT_CONVERSION = YES;
				GCC_WARN_ABOUT_RETURN_TYPE = YES;
				GCC_WARN_UNDECLARED_SELECTOR = YES;
				GCC_WARN_UNINITIALIZED_AUTOS = YES;
				GCC_WARN_UNUSED_FUNCTION = YES;
				GCC_WARN_UNUSED_VARIABLE = YES;
				IPHONEOS_DEPLOYMENT_TARGET = 8.0;
				New_Setting = "";
				OTHER_CFLAGS = "-DNS_BLOCK_ASSERTIONS=1";
				"PROVISIONING_PROFILE[sdk=iphoneos*]" = "";
				PROVISIONING_PROFILE_SPECIFIER = "RTRNetztest App Store Distribution";
				SDKROOT = iphoneos;
				TARGETED_DEVICE_FAMILY = "1,2";
				VALIDATE_PRODUCT = YES;
			};
			name = Release;
		};
		C7DE149F173E8F610079477A /* Debug */ = {
			isa = XCBuildConfiguration;
			baseConfigurationReference = C7C0EFE3176CD18F003758AA /* Debug.xcconfig */;
			buildSettings = {
				ASSETCATALOG_COMPILER_APPICON_NAME = AppIcon;
				ASSETCATALOG_COMPILER_LAUNCHIMAGE_NAME = LaunchImage;
				CODE_SIGN_IDENTITY = "iPhone Developer";
				"CODE_SIGN_IDENTITY[sdk=iphoneos*]" = "iPhone Developer";
				FRAMEWORK_SEARCH_PATHS = (
					"$(inherited)",
					"\"$(SRCROOT)\"",
				);
				GCC_PRECOMPILE_PREFIX_HEADER = YES;
				GCC_PREFIX_HEADER = "Sources/RMBT-Prefix.pch";
				GCC_PREPROCESSOR_DEFINITIONS = (
					"$(inherited)",
					"DEBUG=1",
				);
				INFOPLIST_FILE = "$(SRCROOT)/Resources/RMBT-Info.plist";
				IPHONEOS_DEPLOYMENT_TARGET = 8.0;
				PRODUCT_NAME = "$(TARGET_NAME)";
				PROVISIONING_PROFILE = "861a813d-f323-4064-aef0-f1cc5a679e72";
				TARGETED_DEVICE_FAMILY = 1;
				WRAPPER_EXTENSION = app;
			};
			name = Debug;
		};
		C7DE14A0173E8F610079477A /* Release */ = {
			isa = XCBuildConfiguration;
			baseConfigurationReference = C7B47F89176CD7AE00B04ABF /* Release.xcconfig */;
			buildSettings = {
				ASSETCATALOG_COMPILER_APPICON_NAME = AppIcon;
				ASSETCATALOG_COMPILER_LAUNCHIMAGE_NAME = LaunchImage;
				CODE_SIGN_IDENTITY = "iPhone Distribution";
				"CODE_SIGN_IDENTITY[sdk=iphoneos*]" = "iPhone Distribution: RTR-GmbH (T7Y947AEPK)";
				FRAMEWORK_SEARCH_PATHS = (
					"$(inherited)",
					"\"$(SRCROOT)\"",
				);
				GCC_PRECOMPILE_PREFIX_HEADER = YES;
				GCC_PREFIX_HEADER = "Sources/RMBT-Prefix.pch";
				INFOPLIST_FILE = "$(SRCROOT)/Resources/RMBT-Info.plist";
				IPHONEOS_DEPLOYMENT_TARGET = 8.0;
				PRODUCT_NAME = "$(TARGET_NAME)";
				TARGETED_DEVICE_FAMILY = 1;
				WRAPPER_EXTENSION = app;
			};
			name = Release;
		};
/* End XCBuildConfiguration section */

/* Begin XCConfigurationList section */
		C70828091CB6792F00F482EB /* Build configuration list for PBXNativeTarget "RMBTTest" */ = {
			isa = XCConfigurationList;
			buildConfigurations = (
				C708280A1CB6792F00F482EB /* Debug */,
				C708280B1CB6792F00F482EB /* Release */,
			);
			defaultConfigurationIsVisible = 0;
			defaultConfigurationName = Release;
		};
		C7DE1473173E8F610079477A /* Build configuration list for PBXProject "RMBT" */ = {
			isa = XCConfigurationList;
			buildConfigurations = (
				C7DE149C173E8F610079477A /* Debug */,
			);
			defaultConfigurationIsVisible = 0;
			defaultConfigurationName = Debug;
		};
		C7DE149E173E8F610079477A /* Build configuration list for PBXNativeTarget "RMBT" */ = {
			isa = XCConfigurationList;
			buildConfigurations = (
				C7DE149F173E8F610079477A /* Debug */,
			);
			defaultConfigurationIsVisible = 0;
			defaultConfigurationName = Debug;
		};
/* End XCConfigurationList section */
	};
	rootObject = C7DE1470173E8F610079477A /* Project object */;
}
